
Microsoft Visual Studio Solution File, Format Version 9.00
# Visual Studio 2005
Project("{8BC9CEB8-8B4A-11D0-8D11-00A0C91BC942}") = "SDL_mixer", "SDL_mixer.vcproj", "{4F533426-C653-483E-9B79-FFB8770B7F38}"
	ProjectSection(ProjectDependencies) = postProject
		{9C4A1268-AA88-4AD9-8388-1A2446567AE1} = {9C4A1268-AA88-4AD9-8388-1A2446567AE1}
		{C27AC010-19EF-4A53-8735-44BFAE51995A} = {C27AC010-19EF-4A53-8735-44BFAE51995A}
		{1BDCB007-66A0-4772-AC92-C068B0392AAC} = {1BDCB007-66A0-4772-AC92-C068B0392AAC}
	EndProjectSection
EndProject
Project("{8BC9CEB8-8B4A-11D0-8D11-00A0C91BC942}") = "mikmod", "mikmod\mikmod.vcproj", "{1BDCB007-66A0-4772-AC92-C068B0392AAC}"
EndProject
Project("{8BC9CEB8-8B4A-11D0-8D11-00A0C91BC942}") = "native_midi", "native_midi\native_midi.vcproj", "{9C4A1268-AA88-4AD9-8388-1A2446567AE1}"
EndProject
Project("{8BC9CEB8-8B4A-11D0-8D11-00A0C91BC942}") = "playmus", "playmus\playmus.vcproj", "{C01F6166-30CA-49D9-84DE-3377D9B7B491}"
	ProjectSection(ProjectDependencies) = postProject
		{4F533426-C653-483E-9B79-FFB8770B7F38} = {4F533426-C653-483E-9B79-FFB8770B7F38}
	EndProjectSection
EndProject
Project("{8BC9CEB8-8B4A-11D0-8D11-00A0C91BC942}") = "playwave", "playwave\playwave.vcproj", "{C6154B63-7062-449D-84C4-D590C92E1BB7}"
	ProjectSection(ProjectDependencies) = postProject
		{4F533426-C653-483E-9B79-FFB8770B7F38} = {4F533426-C653-483E-9B79-FFB8770B7F38}
	EndProjectSection
EndProject
Project("{8BC9CEB8-8B4A-11D0-8D11-00A0C91BC942}") = "timidity", "timidity\timidity.vcproj", "{C27AC010-19EF-4A53-8735-44BFAE51995A}"
EndProject
Global
	GlobalSection(SolutionConfigurationPlatforms) = preSolution
		Debug|Win32 = Debug|Win32
		Release|Win32 = Release|Win32
	EndGlobalSection
	GlobalSection(ProjectConfigurationPlatforms) = postSolution
		{4F533426-C653-483E-9B79-FFB8770B7F38}.Debug|Win32.ActiveCfg = Debug|Win32
		{4F533426-C653-483E-9B79-FFB8770B7F38}.Debug|Win32.Build.0 = Debug|Win32
		{4F533426-C653-483E-9B79-FFB8770B7F38}.Release|Win32.ActiveCfg = Release|Win32
		{4F533426-C653-483E-9B79-FFB8770B7F38}.Release|Win32.Build.0 = Release|Win32
		{1BDCB007-66A0-4772-AC92-C068B0392AAC}.Debug|Win32.ActiveCfg = Debug|Win32
		{1BDCB007-66A0-4772-AC92-C068B0392AAC}.Debug|Win32.Build.0 = Debug|Win32
		{1BDCB007-66A0-4772-AC92-C068B0392AAC}.Release|Win32.ActiveCfg = Release|Win32
		{1BDCB007-66A0-4772-AC92-C068B0392AAC}.Release|Win32.Build.0 = Release|Win32
		{9C4A1268-AA88-4AD9-8388-1A2446567AE1}.Debug|Win32.ActiveCfg = Debug|Win32
		{9C4A1268-AA88-4AD9-8388-1A2446567AE1}.Debug|Win32.Build.0 = Debug|Win32
		{9C4A1268-AA88-4AD9-8388-1A2446567AE1}.Release|Win32.ActiveCfg = Release|Win32
		{9C4A1268-AA88-4AD9-8388-1A2446567AE1}.Release|Win32.Build.0 = Release|Win32
		{C01F6166-30CA-49D9-84DE-3377D9B7B491}.Debug|Win32.ActiveCfg = Debug|Win32
		{C01F6166-30CA-49D9-84DE-3377D9B7B491}.Debug|Win32.Build.0 = Debug|Win32
		{C01F6166-30CA-49D9-84DE-3377D9B7B491}.Release|Win32.ActiveCfg = Release|Win32
		{C01F6166-30CA-49D9-84DE-3377D9B7B491}.Release|Win32.Build.0 = Release|Win32
		{C6154B63-7062-449D-84C4-D590C92E1BB7}.Debug|Win32.ActiveCfg = Debug|Win32
		{C6154B63-7062-449D-84C4-D590C92E1BB7}.Debug|Win32.Build.0 = Debug|Win32
		{C6154B63-7062-449D-84C4-D590C92E1BB7}.Release|Win32.ActiveCfg = Release|Win32
		{C6154B63-7062-449D-84C4-D590C92E1BB7}.Release|Win32.Build.0 = Release|Win32
		{C27AC010-19EF-4A53-8735-44BFAE51995A}.Debug|Win32.ActiveCfg = Debug|Win32
		{C27AC010-19EF-4A53-8735-44BFAE51995A}.Debug|Win32.Build.0 = Debug|Win32
		{C27AC010-19EF-4A53-8735-44BFAE51995A}.Release|Win32.ActiveCfg = Release|Win32
		{C27AC010-19EF-4A53-8735-44BFAE51995A}.Release|Win32.Build.0 = Release|Win32
	EndGlobalSection
	GlobalSection(SolutionProperties) = preSolution
		HideSolutionNode = FALSE
	EndGlobalSection
EndGlobal
