<?xml version="1.0" encoding="utf-8"?>
<Project ToolsVersion="4.0" xmlns="http://schemas.microsoft.com/developer/msbuild/2003">
  <ItemGroup>
    <Filter Include="Header Files">
      <UniqueIdentifier>{93995380-89BD-4b04-88EB-625FBE52EBFB}</UniqueIdentifier>
      <Extensions>h;hpp;hxx;hm;inl;inc;xsd</Extensions>
    </Filter>
    <Filter Include="Resource Files">
      <UniqueIdentifier>{67DA6AB6-F800-4c08-8B7A-83BB121AAD01}</UniqueIdentifier>
      <Extensions>rc;ico;cur;bmp;dlg;rc2;rct;bin;rgs;gif;jpg;jpeg;jpe;resx</Extensions>
    </Filter>
    <Filter Include="Source Files">
      <UniqueIdentifier>{4FC737F1-C7A5-4376-A066-2A32D752A2FF}</UniqueIdentifier>
      <Extensions>cpp;c;cc;cxx;def;odl;idl;hpj;bat;asm;asmx</Extensions>
    </Filter>
  </ItemGroup>
  <ItemGroup>
    <ClInclude Include="interface\remoteinterface\academicscreen_interface.h">
      <Filter>Header Files</Filter>
    </ClInclude>
    <ClInclude Include="interface\remoteinterface\accountscreen_interface.h">
      <Filter>Header Files</Filter>
    </ClInclude>
    <ClInclude Include="world\agent.h">
      <Filter>Header Files</Filter>
    </ClInclude>
    <ClInclude Include="interface\localinterface\analyser_interface.h">
      <Filter>Header Files</Filter>
    </ClInclude>
    <ClInclude Include="app\app.h">
      <Filter>Header Files</Filter>
    </ClInclude>
    <ClInclude Include="world\scheduler\arrestevent.h">
      <Filter>Header Files</Filter>
    </ClInclude>
    <ClInclude Include="world\scheduler\attemptmissionevent.h">
      <Filter>Header Files</Filter>
    </ClInclude>
    <ClInclude Include="world\computer\bankaccount.h">
      <Filter>Header Files</Filter>
    </ClInclude>
    <ClInclude Include="world\computer\bankcomputer.h">
      <Filter>Header Files</Filter>
    </ClInclude>
    <ClInclude Include="world\scheduler\bankrobberyevent.h">
      <Filter>Header Files</Filter>
    </ClInclude>
    <ClInclude Include="world\computer\computerscreen\bbsscreen.h">
      <Filter>Header Files</Filter>
    </ClInclude>
    <ClInclude Include="interface\remoteinterface\bbsscreen_interface.h">
      <Filter>Header Files</Filter>
    </ClInclude>
    <ClInclude Include="app\binreloc.h">
      <Filter>Header Files</Filter>
    </ClInclude>
    <ClInclude Include="world\scheduler\changegatewayevent.h">
      <Filter>Header Files</Filter>
    </ClInclude>
    <ClInclude Include="interface\remoteinterface\changegatewayscreen_interface.h">
      <Filter>Header Files</Filter>
    </ClInclude>
    <ClInclude Include="interface\localinterface\cheat_interface.h">
      <Filter>Header Files</Filter>
    </ClInclude>
    <ClInclude Include="network\interfaces\clientcommsinterface.h">
      <Filter>Header Files</Filter>
    </ClInclude>
    <ClInclude Include="network\clientconnection.h">
      <Filter>Header Files</Filter>
    </ClInclude>
    <ClInclude Include="network\interfaces\clientstatusinterface.h">
      <Filter>Header Files</Filter>
    </ClInclude>
    <ClInclude Include="mainmenu\closing_interface.h">
      <Filter>Header Files</Filter>
    </ClInclude>
    <ClInclude Include="interface\remoteinterface\codecardscreen_interface.h">
      <Filter>Header Files</Filter>
    </ClInclude>
    <ClInclude Include="world\company\company.h">
      <Filter>Header Files</Filter>
    </ClInclude>
    <ClInclude Include="interface\remoteinterface\companyinfoscreen_interface.h">
      <Filter>Header Files</Filter>
    </ClInclude>
    <ClInclude Include="world\company\companyuplink.h">
      <Filter>Header Files</Filter>
    </ClInclude>
    <ClInclude Include="world\computer\computer.h">
      <Filter>Header Files</Filter>
    </ClInclude>
    <ClInclude Include="world\computer\computerscreen\computerscreen.h">
      <Filter>Header Files</Filter>
    </ClInclude>
    <ClInclude Include="world\connection.h">
      <Filter>Header Files</Filter>
    </ClInclude>
    <ClInclude Include="mainmenu\connectionlost_interface.h">
      <Filter>Header Files</Filter>
    </ClInclude>
    <ClInclude Include="world\generator\consequencegenerator.h">
      <Filter>Header Files</Filter>
    </ClInclude>
    <ClInclude Include="interface\remoteinterface\consolescreen_interface.h">
      <Filter>Header Files</Filter>
    </ClInclude>
    <ClInclude Include="interface\remoteinterface\contactscreen_interface.h">
      <Filter>Header Files</Filter>
    </ClInclude>
    <ClInclude Include="interface\remoteinterface\criminalscreen_interface.h">
      <Filter>Header Files</Filter>
    </ClInclude>
    <ClInclude Include="world\computer\computerscreen\cypherscreen.h">
      <Filter>Header Files</Filter>
    </ClInclude>
    <ClInclude Include="interface\remoteinterface\cypherscreen_interface.h">
      <Filter>Header Files</Filter>
    </ClInclude>
    <ClInclude Include="game\data\data.h">
      <Filter>Header Files</Filter>
    </ClInclude>
    <ClInclude Include="world\computer\databank.h">
      <Filter>Header Files</Filter>
    </ClInclude>
    <ClInclude Include="world\date.h">
      <Filter>Header Files</Filter>
    </ClInclude>
    <ClInclude Include="interface\taskmanager\decrypter.h">
      <Filter>Header Files</Filter>
    </ClInclude>
    <ClInclude Include="interface\taskmanager\decypher.h">
      <Filter>Header Files</Filter>
    </ClInclude>
    <ClInclude Include="interface\taskmanager\defrag.h">
      <Filter>Header Files</Filter>
    </ClInclude>
    <ClInclude Include="mainmenu\demogameover_interface.h">
      <Filter>Header Files</Filter>
    </ClInclude>
    <ClInclude Include="world\generator\demoplotgenerator.h">
      <Filter>Header Files</Filter>
    </ClInclude>
    <ClInclude Include="world\computer\computerscreen\dialogscreen.h">
      <Filter>Header Files</Filter>
    </ClInclude>
    <ClInclude Include="interface\remoteinterface\dialogscreen_interface.h">
      <Filter>Header Files</Filter>
    </ClInclude>
    <ClInclude Include="interface\taskmanager\dictionaryhacker.h">
      <Filter>Header Files</Filter>
    </ClInclude>
    <ClInclude Include="mainmenu\disavowed_interface.h">
      <Filter>Header Files</Filter>
    </ClInclude>
    <ClInclude Include="world\computer\computerscreen\disconnectedscreen.h">
      <Filter>Header Files</Filter>
    </ClInclude>
    <ClInclude Include="interface\remoteinterface\disconnectedscreen_interface.h">
      <Filter>Header Files</Filter>
    </ClInclude>
    <ClInclude Include="app\dos2unix.h">
      <Filter>Header Files</Filter>
    </ClInclude>
    <ClInclude Include="interface\localinterface\email_interface.h">
      <Filter>Header Files</Filter>
    </ClInclude>
    <ClInclude Include="world\scheduler\eventscheduler.h">
      <Filter>Header Files</Filter>
    </ClInclude>
    <ClInclude Include="interface\localinterface\evtqueue_interface.h">
      <Filter>Header Files</Filter>
    </ClInclude>
    <ClInclude Include="ExceptionHandler.h">
      <Filter>Header Files</Filter>
    </ClInclude>
    <ClInclude Include="interface\taskmanager\faith.h">
      <Filter>Header Files</Filter>
    </ClInclude>
    <ClInclude Include="interface\remoteinterface\faithscreen_interface.h">
      <Filter>Header Files</Filter>
    </ClInclude>
    <ClInclude Include="interface\taskmanager\filecopier.h">
      <Filter>Header Files</Filter>
    </ClInclude>
    <ClInclude Include="interface\taskmanager\filedeleter.h">
      <Filter>Header Files</Filter>
    </ClInclude>
    <ClInclude Include="interface\remoteinterface\fileserverscreen_interface.h">
      <Filter>Header Files</Filter>
    </ClInclude>
    <ClInclude Include="interface\localinterface\finance_interface.h">
      <Filter>Header Files</Filter>
    </ClInclude>
    <ClInclude Include="interface\taskmanager\firewalldisable.h">
      <Filter>Header Files</Filter>
    </ClInclude>
    <ClInclude Include="mainmenu\firsttimeloading_interface.h">
      <Filter>Header Files</Filter>
    </ClInclude>
    <ClInclude Include="view\fps.h">
      <Filter>Header Files</Filter>
    </ClInclude>
    <ClInclude Include="game\game.h">
      <Filter>Header Files</Filter>
    </ClInclude>
    <ClInclude Include="game\gameobituary.h">
      <Filter>Header Files</Filter>
    </ClInclude>
    <ClInclude Include="world\computer\gateway.h">
      <Filter>Header Files</Filter>
    </ClInclude>
    <ClInclude Include="interface\localinterface\gateway_interface.h">
      <Filter>Header Files</Filter>
    </ClInclude>
    <ClInclude Include="world\computer\gatewaydef.h">
      <Filter>Header Files</Filter>
    </ClInclude>
    <ClInclude Include="interface\taskmanager\gatewaynuke.h">
      <Filter>Header Files</Filter>
    </ClInclude>
    <ClInclude Include="mainmenu\genericoptions_interface.h">
      <Filter>Header Files</Filter>
    </ClInclude>
    <ClInclude Include="world\computer\computerscreen\genericscreen.h">
      <Filter>Header Files</Filter>
    </ClInclude>
    <ClInclude Include="GetWinVer.h">
      <Filter>Header Files</Filter>
    </ClInclude>
    <ClInclude Include="app\globals.h">
      <Filter>Header Files</Filter>
    </ClInclude>
    <ClInclude Include="app\globals_defines.h">
      <Filter>Header Files</Filter>
    </ClInclude>
    <ClInclude Include="mainmenu\graphicoptions_interface.h">
      <Filter>Header Files</Filter>
    </ClInclude>
    <ClInclude Include="world\computer\computerscreen\highsecurityscreen.h">
      <Filter>Header Files</Filter>
    </ClInclude>
    <ClInclude Include="interface\remoteinterface\highsecurityscreen_interface.h">
      <Filter>Header Files</Filter>
    </ClInclude>
    <ClInclude Include="interface\localinterface\hud_interface.h">
      <Filter>Header Files</Filter>
    </ClInclude>
    <ClInclude Include="interface\localinterface\hw_interface.h">
      <Filter>Header Files</Filter>
    </ClInclude>
    <ClInclude Include="interface\remoteinterface\hwsalesscreen_interface.h">
      <Filter>Header Files</Filter>
    </ClInclude>
    <ClInclude Include="world\scheduler\installhardwareevent.h">
      <Filter>Header Files</Filter>
    </ClInclude>
    <ClInclude Include="interface\interface.h">
      <Filter>Header Files</Filter>
    </ClInclude>
    <ClInclude Include="interface\interfacescreen.h">
      <Filter>Header Files</Filter>
    </ClInclude>
    <ClInclude Include="interface\taskmanager\iplookup.h">
      <Filter>Header Files</Filter>
    </ClInclude>
    <ClInclude Include="interface\taskmanager\ipprobe.h">
      <Filter>Header Files</Filter>
    </ClInclude>
    <ClInclude Include="interface\localinterface\irc_interface.h">
      <Filter>Header Files</Filter>
    </ClInclude>
    <ClInclude Include="interface\localinterface\keyboardinterface.h">
      <Filter>Header Files</Filter>
    </ClInclude>
    <ClInclude Include="interface\localinterface\lan_interface.h">
      <Filter>Header Files</Filter>
    </ClInclude>
    <ClInclude Include="world\computer\lancomputer.h">
      <Filter>Header Files</Filter>
    </ClInclude>
    <ClInclude Include="interface\taskmanager\lanforce.h">
      <Filter>Header Files</Filter>
    </ClInclude>
    <ClInclude Include="world\generator\langenerator.h">
      <Filter>Header Files</Filter>
    </ClInclude>
    <ClInclude Include="world\computer\lanmonitor.h">
      <Filter>Header Files</Filter>
    </ClInclude>
    <ClInclude Include="interface\taskmanager\lanprobe.h">
      <Filter>Header Files</Filter>
    </ClInclude>
    <ClInclude Include="interface\taskmanager\lanscan.h">
      <Filter>Header Files</Filter>
    </ClInclude>
    <ClInclude Include="interface\taskmanager\lanspoof.h">
      <Filter>Header Files</Filter>
    </ClInclude>
    <ClInclude Include="world\computer\computerscreen\linksscreen.h">
      <Filter>Header Files</Filter>
    </ClInclude>
    <ClInclude Include="interface\remoteinterface\linksscreen_interface.h">
      <Filter>Header Files</Filter>
    </ClInclude>
    <ClInclude Include="mainmenu\loading_interface.h">
      <Filter>Header Files</Filter>
    </ClInclude>
    <ClInclude Include="interface\remoteinterface\loansscreen_interface.h">
      <Filter>Header Files</Filter>
    </ClInclude>
    <ClInclude Include="interface\localinterface\localinterface.h">
      <Filter>Header Files</Filter>
    </ClInclude>
    <ClInclude Include="interface\localinterface\localinterfacescreen.h">
      <Filter>Header Files</Filter>
    </ClInclude>
    <ClInclude Include="world\computer\logbank.h">
      <Filter>Header Files</Filter>
    </ClInclude>
    <ClInclude Include="interface\taskmanager\logdeleter.h">
      <Filter>Header Files</Filter>
    </ClInclude>
    <ClInclude Include="mainmenu\login_interface.h">
      <Filter>Header Files</Filter>
    </ClInclude>
    <ClInclude Include="interface\taskmanager\logmodifier.h">
      <Filter>Header Files</Filter>
    </ClInclude>
    <ClInclude Include="world\computer\computerscreen\logscreen.h">
      <Filter>Header Files</Filter>
    </ClInclude>
    <ClInclude Include="interface\remoteinterface\logscreen_interface.h">
      <Filter>Header Files</Filter>
    </ClInclude>
    <ClInclude Include="interface\taskmanager\logundeleter.h">
      <Filter>Header Files</Filter>
    </ClInclude>
    <ClInclude Include="mainmenu\mainmenu.h">
      <Filter>Header Files</Filter>
    </ClInclude>
    <ClInclude Include="mainmenu\mainmenuscreen.h">
      <Filter>Header Files</Filter>
    </ClInclude>
    <ClInclude Include="interface\localinterface\memory_interface.h">
      <Filter>Header Files</Filter>
    </ClInclude>
    <ClInclude Include="world\computer\computerscreen\menuscreen.h">
      <Filter>Header Files</Filter>
    </ClInclude>
    <ClInclude Include="interface\remoteinterface\menuscreen_interface.h">
      <Filter>Header Files</Filter>
    </ClInclude>
    <ClInclude Include="world\message.h">
      <Filter>Header Files</Filter>
    </ClInclude>
    <ClInclude Include="world\computer\computerscreen\messagescreen.h">
      <Filter>Header Files</Filter>
    </ClInclude>
    <ClInclude Include="interface\remoteinterface\messagescreen_interface.h">
      <Filter>Header Files</Filter>
    </ClInclude>
    <ClInclude Include="MiniVersion.h">
      <Filter>Header Files</Filter>
    </ClInclude>
    <ClInclude Include="app\miscutils.h">
      <Filter>Header Files</Filter>
    </ClInclude>
    <ClInclude Include="world\company\mission.h">
      <Filter>Header Files</Filter>
    </ClInclude>
    <ClInclude Include="interface\localinterface\mission_interface.h">
      <Filter>Header Files</Filter>
    </ClInclude>
    <ClInclude Include="world\generator\missiongenerator.h">
      <Filter>Header Files</Filter>
    </ClInclude>
    <ClInclude Include="interface\taskmanager\motionsensor.h">
      <Filter>Header Files</Filter>
    </ClInclude>
    <ClInclude Include="world\generator\namegenerator.h">
      <Filter>Header Files</Filter>
    </ClInclude>
    <ClInclude Include="interface\remoteinterface\nearestgatewayscreen_interface.h">
      <Filter>Header Files</Filter>
    </ClInclude>
    <ClInclude Include="network\network.h">
      <Filter>Header Files</Filter>
    </ClInclude>
    <ClInclude Include="network\networkclient.h">
      <Filter>Header Files</Filter>
    </ClInclude>
    <ClInclude Include="mainmenu\networkoptions_interface.h">
      <Filter>Header Files</Filter>
    </ClInclude>
    <ClInclude Include="network\interfaces\networkscreen.h">
      <Filter>Header Files</Filter>
    </ClInclude>
    <ClInclude Include="network\networkserver.h">
      <Filter>Header Files</Filter>
    </ClInclude>
    <ClInclude Include="world\company\news.h">
      <Filter>Header Files</Filter>
    </ClInclude>
    <ClInclude Include="world\generator\newsgenerator.h">
      <Filter>Header Files</Filter>
    </ClInclude>
    <ClInclude Include="interface\remoteinterface\newsscreen_interface.h">
      <Filter>Header Files</Filter>
    </ClInclude>
    <ClInclude Include="world\scheduler\notificationevent.h">
      <Filter>Header Files</Filter>
    </ClInclude>
    <ClInclude Include="interface\remoteinterface\nuclearwarscreen_interface.h">
      <Filter>Header Files</Filter>
    </ClInclude>
    <ClInclude Include="world\generator\numbergenerator.h">
      <Filter>Header Files</Filter>
    </ClInclude>
    <ClInclude Include="mainmenu\obituary_interface.h">
      <Filter>Header Files</Filter>
    </ClInclude>
    <ClInclude Include="app\opengl.h">
      <Filter>Header Files</Filter>
    </ClInclude>
    <ClInclude Include="app\opengl_interface.h">
      <Filter>Header Files</Filter>
    </ClInclude>
    <ClInclude Include="options\options.h">
      <Filter>Header Files</Filter>
    </ClInclude>
    <ClInclude Include="mainmenu\options_interface.h">
      <Filter>Header Files</Filter>
    </ClInclude>
    <ClInclude Include="interface\taskmanager\passwordbreaker.h">
      <Filter>Header Files</Filter>
    </ClInclude>
    <ClInclude Include="world\computer\computerscreen\passwordscreen.h">
      <Filter>Header Files</Filter>
    </ClInclude>
    <ClInclude Include="interface\remoteinterface\passwordscreen_interface.h">
      <Filter>Header Files</Filter>
    </ClInclude>
    <ClInclude Include="world\person.h">
      <Filter>Header Files</Filter>
    </ClInclude>
    <ClInclude Include="interface\localinterface\phonedialler.h">
      <Filter>Header Files</Filter>
    </ClInclude>
    <ClInclude Include="world\player.h">
      <Filter>Header Files</Filter>
    </ClInclude>
    <ClInclude Include="world\generator\plotgenerator.h">
      <Filter>Header Files</Filter>
    </ClInclude>
    <ClInclude Include="app\probability.h">
      <Filter>Header Files</Filter>
    </ClInclude>
    <ClInclude Include="interface\remoteinterface\protovisionscreen_interface.h">
      <Filter>Header Files</Filter>
    </ClInclude>
    <ClInclude Include="interface\taskmanager\proxydisable.h">
      <Filter>Header Files</Filter>
    </ClInclude>
    <ClInclude Include="interface\remoteinterface\radiotransmitterscreen_interface.h">
      <Filter>Header Files</Filter>
    </ClInclude>
    <ClInclude Include="interface\remoteinterface\rankingscreen_interface.h">
      <Filter>Header Files</Filter>
    </ClInclude>
    <ClInclude Include="world\rating.h">
      <Filter>Header Files</Filter>
    </ClInclude>
    <ClInclude Include="world\computer\recordbank.h">
      <Filter>Header Files</Filter>
    </ClInclude>
    <ClInclude Include="world\generator\recordgenerator.h">
      <Filter>Header Files</Filter>
    </ClInclude>
    <ClInclude Include="interface\remoteinterface\recordscreen_interface.h">
      <Filter>Header Files</Filter>
    </ClInclude>
    <ClInclude Include="interface\localinterface\worldmap\rectangle.h">
      <Filter>Header Files</Filter>
    </ClInclude>
    <ClInclude Include="interface\remoteinterface\remoteinterface.h">
      <Filter>Header Files</Filter>
    </ClInclude>
    <ClInclude Include="interface\remoteinterface\remoteinterfacescreen.h">
      <Filter>Header Files</Filter>
    </ClInclude>
    <ClInclude Include="resource.h">
      <Filter>Header Files</Filter>
    </ClInclude>
    <ClInclude Include="interface\taskmanager\revelation.h">
      <Filter>Header Files</Filter>
    </ClInclude>
    <ClInclude Include="mainmenu\revelationlost_interface.h">
      <Filter>Header Files</Filter>
    </ClInclude>
    <ClInclude Include="interface\taskmanager\revelationtracker.h">
      <Filter>Header Files</Filter>
    </ClInclude>
    <ClInclude Include="mainmenu\revelationwon_interface.h">
      <Filter>Header Files</Filter>
    </ClInclude>
    <ClInclude Include="world\scheduler\runplotsceneevent.h">
      <Filter>Header Files</Filter>
    </ClInclude>
    <ClInclude Include="world\company\sale.h">
      <Filter>Header Files</Filter>
    </ClInclude>
    <ClInclude Include="game\scriptlibrary.h">
      <Filter>Header Files</Filter>
    </ClInclude>
    <ClInclude Include="interface\scrollbox.h">
      <Filter>Header Files</Filter>
    </ClInclude>
    <ClInclude Include="world\computer\security.h">
      <Filter>Header Files</Filter>
    </ClInclude>
    <ClInclude Include="interface\taskmanager\securitybypass.h">
      <Filter>Header Files</Filter>
    </ClInclude>
    <ClInclude Include="world\computer\securitymonitor.h">
      <Filter>Header Files</Filter>
    </ClInclude>
    <ClInclude Include="interface\remoteinterface\securityscreen_interface.h">
      <Filter>Header Files</Filter>
    </ClInclude>
    <ClInclude Include="world\computer\securitysystem.h">
      <Filter>Header Files</Filter>
    </ClInclude>
    <ClInclude Include="world\scheduler\seizegatewayevent.h">
      <Filter>Header Files</Filter>
    </ClInclude>
    <ClInclude Include="interface\localinterface\sendmail_interface.h">
      <Filter>Header Files</Filter>
    </ClInclude>
    <ClInclude Include="app\serialise.h">
      <Filter>Header Files</Filter>
    </ClInclude>
    <ClInclude Include="world\computer\computerscreen\shareslistscreen.h">
      <Filter>Header Files</Filter>
    </ClInclude>
    <ClInclude Include="interface\remoteinterface\shareslistscreen_interface.h">
      <Filter>Header Files</Filter>
    </ClInclude>
    <ClInclude Include="interface\remoteinterface\sharesviewscreen_interface.h">
      <Filter>Header Files</Filter>
    </ClInclude>
    <ClInclude Include="world\scheduler\shotbyfedsevent.h">
      <Filter>Header Files</Filter>
    </ClInclude>
    <ClInclude Include="interface\remoteinterface\socialsecurityscreen_interface.h">
      <Filter>Header Files</Filter>
    </ClInclude>
    <ClInclude Include="interface\localinterface\status_interface.h">
      <Filter>Header Files</Filter>
    </ClInclude>
    <ClInclude Include="stdafx.h">
      <Filter>Header Files</Filter>
    </ClInclude>
    <ClInclude Include="interface\localinterface\sw_interface.h">
      <Filter>Header Files</Filter>
    </ClInclude>
    <ClInclude Include="interface\remoteinterface\swsalesscreen_interface.h">
      <Filter>Header Files</Filter>
    </ClInclude>
    <ClInclude Include="interface\taskmanager\taskmanager.h">
      <Filter>Header Files</Filter>
    </ClInclude>
    <ClInclude Include="interface\localinterface\template_interface.h">
      <Filter>Header Files</Filter>
    </ClInclude>
    <ClInclude Include="mainmenu\theme_interface.h">
      <Filter>Header Files</Filter>
    </ClInclude>
    <ClInclude Include="mainmenu\theteam_interface.h">
      <Filter>Header Files</Filter>
    </ClInclude>
    <ClInclude Include="interface\taskmanager\tracetracker.h">
      <Filter>Header Files</Filter>
    </ClInclude>
    <ClInclude Include="interface\taskmanager\tutorial.h">
      <Filter>Header Files</Filter>
    </ClInclude>
    <ClInclude Include="interface\taskmanager\uplinkagentlist.h">
      <Filter>Header Files</Filter>
    </ClInclude>
    <ClInclude Include="world\scheduler\uplinkevent.h">
      <Filter>Header Files</Filter>
    </ClInclude>
    <ClInclude Include="app\uplinkobject.h">
      <Filter>Header Files</Filter>
    </ClInclude>
    <ClInclude Include="interface\taskmanager\uplinktask.h">
      <Filter>Header Files</Filter>
    </ClInclude>
    <ClInclude Include="world\computer\computerscreen\useridscreen.h">
      <Filter>Header Files</Filter>
    </ClInclude>
    <ClInclude Include="interface\remoteinterface\useridscreen_interface.h">
      <Filter>Header Files</Filter>
    </ClInclude>
    <ClInclude Include="view\view.h">
      <Filter>Header Files</Filter>
    </ClInclude>
    <ClInclude Include="world\vlocation.h">
      <Filter>Header Files</Filter>
    </ClInclude>
    <ClInclude Include="interface\taskmanager\voiceanalyser.h">
      <Filter>Header Files</Filter>
    </ClInclude>
    <ClInclude Include="interface\remoteinterface\voiceanalysisscreen_interface.h">
      <Filter>Header Files</Filter>
    </ClInclude>
    <ClInclude Include="interface\remoteinterface\voicephonescreen_interface.h">
      <Filter>Header Files</Filter>
    </ClInclude>
    <ClInclude Include="mainmenu\warezgameover_interface.h">
      <Filter>Header Files</Filter>
    </ClInclude>
    <ClInclude Include="world\scheduler\warningevent.h">
      <Filter>Header Files</Filter>
    </ClInclude>
    <ClInclude Include="world\world.h">
      <Filter>Header Files</Filter>
    </ClInclude>
    <ClInclude Include="world\generator\worldgenerator.h">
      <Filter>Header Files</Filter>
    </ClInclude>
    <ClInclude Include="interface\localinterface\worldmap\worldmap_interface.h">
      <Filter>Header Files</Filter>
    </ClInclude>
    <ClInclude Include="interface\localinterface\worldmap\worldmap_layout.h">
      <Filter>Header Files</Filter>
    </ClInclude>
  </ItemGroup>
  <ItemGroup>
    <None Include="icon3.ico">
      <Filter>Resource Files</Filter>
    </None>
  </ItemGroup>
  <ItemGroup>
    <ResourceCompile Include="resources.rc">
      <Filter>Resource Files</Filter>
    </ResourceCompile>
  </ItemGroup>
  <ItemGroup>
    <ClCompile Include="interface\remoteinterface\academicscreen_interface.cpp">
      <Filter>Source Files</Filter>
    </ClCompile>
    <ClCompile Include="interface\remoteinterface\accountscreen_interface.cpp">
      <Filter>Source Files</Filter>
    </ClCompile>
    <ClCompile Include="world\agent.cpp">
      <Filter>Source Files</Filter>
    </ClCompile>
    <ClCompile Include="interface\localinterface\analyser_interface.cpp">
      <Filter>Source Files</Filter>
    </ClCompile>
    <ClCompile Include="app\app.cpp">
      <Filter>Source Files</Filter>
    </ClCompile>
    <ClCompile Include="world\scheduler\arrestevent.cpp">
      <Filter>Source Files</Filter>
    </ClCompile>
    <ClCompile Include="world\scheduler\attemptmissionevent.cpp">
      <Filter>Source Files</Filter>
    </ClCompile>
    <ClCompile Include="world\computer\bankaccount.cpp">
      <Filter>Source Files</Filter>
    </ClCompile>
    <ClCompile Include="world\computer\bankcomputer.cpp">
      <Filter>Source Files</Filter>
    </ClCompile>
    <ClCompile Include="world\scheduler\bankrobberyevent.cpp">
      <Filter>Source Files</Filter>
    </ClCompile>
    <ClCompile Include="world\computer\computerscreen\bbsscreen.cpp">
      <Filter>Source Files</Filter>
    </ClCompile>
    <ClCompile Include="interface\remoteinterface\bbsscreen_interface.cpp">
      <Filter>Source Files</Filter>
    </ClCompile>
    <ClCompile Include="app\binreloc.cpp">
      <Filter>Source Files</Filter>
    </ClCompile>
    <ClCompile Include="world\scheduler\changegatewayevent.cpp">
      <Filter>Source Files</Filter>
    </ClCompile>
    <ClCompile Include="interface\remoteinterface\changegatewayscreen_interface.cpp">
      <Filter>Source Files</Filter>
    </ClCompile>
    <ClCompile Include="interface\localinterface\cheat_interface.cpp">
      <Filter>Source Files</Filter>
    </ClCompile>
    <ClCompile Include="network\interfaces\clientcommsinterface.cpp">
      <Filter>Source Files</Filter>
    </ClCompile>
    <ClCompile Include="network\clientconnection.cpp">
      <Filter>Source Files</Filter>
    </ClCompile>
    <ClCompile Include="network\interfaces\clientstatusinterface.cpp">
      <Filter>Source Files</Filter>
    </ClCompile>
    <ClCompile Include="mainmenu\closing_interface.cpp">
      <Filter>Source Files</Filter>
    </ClCompile>
    <ClCompile Include="interface\remoteinterface\codecardscreen_interface.cpp">
      <Filter>Source Files</Filter>
    </ClCompile>
    <ClCompile Include="world\company\company.cpp">
      <Filter>Source Files</Filter>
    </ClCompile>
    <ClCompile Include="interface\remoteinterface\companyinfoscreen_interface.cpp">
      <Filter>Source Files</Filter>
    </ClCompile>
    <ClCompile Include="world\company\companyuplink.cpp">
      <Filter>Source Files</Filter>
    </ClCompile>
    <ClCompile Include="world\computer\computer.cpp">
      <Filter>Source Files</Filter>
    </ClCompile>
    <ClCompile Include="world\computer\computerscreen\computerscreen.cpp">
      <Filter>Source Files</Filter>
    </ClCompile>
    <ClCompile Include="world\connection.cpp">
      <Filter>Source Files</Filter>
    </ClCompile>
    <ClCompile Include="mainmenu\connectionlost_interface.cpp">
      <Filter>Source Files</Filter>
    </ClCompile>
    <ClCompile Include="world\generator\consequencegenerator.cpp">
      <Filter>Source Files</Filter>
    </ClCompile>
    <ClCompile Include="interface\remoteinterface\consolescreen_interface.cpp">
      <Filter>Source Files</Filter>
    </ClCompile>
    <ClCompile Include="interface\remoteinterface\contactscreen_interface.cpp">
      <Filter>Source Files</Filter>
    </ClCompile>
    <ClCompile Include="interface\remoteinterface\criminalscreen_interface.cpp">
      <Filter>Source Files</Filter>
    </ClCompile>
    <ClCompile Include="world\computer\computerscreen\cypherscreen.cpp">
      <Filter>Source Files</Filter>
    </ClCompile>
    <ClCompile Include="interface\remoteinterface\cypherscreen_interface.cpp">
      <Filter>Source Files</Filter>
    </ClCompile>
    <ClCompile Include="game\data\data.cpp">
      <Filter>Source Files</Filter>
    </ClCompile>
    <ClCompile Include="world\computer\databank.cpp">
      <Filter>Source Files</Filter>
    </ClCompile>
    <ClCompile Include="world\date.cpp">
      <Filter>Source Files</Filter>
    </ClCompile>
    <ClCompile Include="app\decode.c">
      <Filter>Source Files</Filter>
    </ClCompile>
    <ClCompile Include="interface\taskmanager\decrypter.cpp">
      <Filter>Source Files</Filter>
    </ClCompile>
    <ClCompile Include="interface\taskmanager\decypher.cpp">
      <Filter>Source Files</Filter>
    </ClCompile>
    <ClCompile Include="interface\taskmanager\defrag.cpp">
      <Filter>Source Files</Filter>
    </ClCompile>
    <ClCompile Include="mainmenu\demogameover_interface.cpp">
      <Filter>Source Files</Filter>
    </ClCompile>
    <ClCompile Include="world\generator\demoplotgenerator.cpp">
      <Filter>Source Files</Filter>
    </ClCompile>
    <ClCompile Include="world\computer\computerscreen\dialogscreen.cpp">
      <Filter>Source Files</Filter>
    </ClCompile>
    <ClCompile Include="interface\remoteinterface\dialogscreen_interface.cpp">
      <Filter>Source Files</Filter>
    </ClCompile>
    <ClCompile Include="interface\taskmanager\dictionaryhacker.cpp">
      <Filter>Source Files</Filter>
    </ClCompile>
    <ClCompile Include="mainmenu\disavowed_interface.cpp">
      <Filter>Source Files</Filter>
    </ClCompile>
    <ClCompile Include="world\computer\computerscreen\disconnectedscreen.cpp">
      <Filter>Source Files</Filter>
    </ClCompile>
    <ClCompile Include="interface\remoteinterface\disconnectedscreen_interface.cpp">
      <Filter>Source Files</Filter>
    </ClCompile>
    <ClCompile Include="app\dos2unix.cpp">
      <Filter>Source Files</Filter>
    </ClCompile>
    <ClCompile Include="interface\localinterface\email_interface.cpp">
      <Filter>Source Files</Filter>
    </ClCompile>
    <ClCompile Include="world\scheduler\eventscheduler.cpp">
      <Filter>Source Files</Filter>
    </ClCompile>
    <ClCompile Include="interface\localinterface\evtqueue_interface.cpp">
      <Filter>Source Files</Filter>
    </ClCompile>
    <ClCompile Include="ExceptionHandler.cpp">
      <Filter>Source Files</Filter>
    </ClCompile>
    <ClCompile Include="interface\taskmanager\faith.cpp">
      <Filter>Source Files</Filter>
    </ClCompile>
    <ClCompile Include="interface\remoteinterface\faithscreen_interface.cpp">
      <Filter>Source Files</Filter>
    </ClCompile>
    <ClCompile Include="interface\taskmanager\filecopier.cpp">
      <Filter>Source Files</Filter>
    </ClCompile>
    <ClCompile Include="interface\taskmanager\filedeleter.cpp">
      <Filter>Source Files</Filter>
    </ClCompile>
    <ClCompile Include="interface\remoteinterface\fileserverscreen_interface.cpp">
      <Filter>Source Files</Filter>
    </ClCompile>
    <ClCompile Include="interface\localinterface\finance_interface.cpp">
      <Filter>Source Files</Filter>
    </ClCompile>
    <ClCompile Include="interface\taskmanager\firewalldisable.cpp">
      <Filter>Source Files</Filter>
    </ClCompile>
    <ClCompile Include="mainmenu\firsttimeloading_interface.cpp">
      <Filter>Source Files</Filter>
    </ClCompile>
    <ClCompile Include="view\fps.cpp">
      <Filter>Source Files</Filter>
    </ClCompile>
    <ClCompile Include="game\game.cpp">
      <Filter>Source Files</Filter>
    </ClCompile>
    <ClCompile Include="game\gameobituary.cpp">
      <Filter>Source Files</Filter>
    </ClCompile>
    <ClCompile Include="world\computer\gateway.cpp">
      <Filter>Source Files</Filter>
    </ClCompile>
    <ClCompile Include="interface\localinterface\gateway_interface.cpp">
      <Filter>Source Files</Filter>
    </ClCompile>
    <ClCompile Include="world\computer\gatewaydef.cpp">
      <Filter>Source Files</Filter>
    </ClCompile>
    <ClCompile Include="interface\taskmanager\gatewaynuke.cpp">
      <Filter>Source Files</Filter>
    </ClCompile>
    <ClCompile Include="mainmenu\genericoptions_interface.cpp">
      <Filter>Source Files</Filter>
    </ClCompile>
    <ClCompile Include="world\computer\computerscreen\genericscreen.cpp">
      <Filter>Source Files</Filter>
    </ClCompile>
    <ClCompile Include="GetWinVer.cpp">
      <Filter>Source Files</Filter>
    </ClCompile>
    <ClCompile Include="mainmenu\graphicoptions_interface.cpp">
      <Filter>Source Files</Filter>
    </ClCompile>
    <ClCompile Include="world\computer\computerscreen\highsecurityscreen.cpp">
      <Filter>Source Files</Filter>
    </ClCompile>
    <ClCompile Include="interface\remoteinterface\highsecurityscreen_interface.cpp">
      <Filter>Source Files</Filter>
    </ClCompile>
    <ClCompile Include="interface\localinterface\hud_interface.cpp">
      <Filter>Source Files</Filter>
    </ClCompile>
    <ClCompile Include="interface\localinterface\hw_interface.cpp">
      <Filter>Source Files</Filter>
    </ClCompile>
    <ClCompile Include="interface\remoteinterface\hwsalesscreen_interface.cpp">
      <Filter>Source Files</Filter>
    </ClCompile>
    <ClCompile Include="world\scheduler\installhardwareevent.cpp">
      <Filter>Source Files</Filter>
    </ClCompile>
    <ClCompile Include="interface\interface.cpp">
      <Filter>Source Files</Filter>
    </ClCompile>
    <ClCompile Include="interface\interfacescreen.cpp">
      <Filter>Source Files</Filter>
    </ClCompile>
    <ClCompile Include="interface\taskmanager\iplookup.cpp">
      <Filter>Source Files</Filter>
    </ClCompile>
    <ClCompile Include="interface\taskmanager\ipprobe.cpp">
      <Filter>Source Files</Filter>
    </ClCompile>
    <ClCompile Include="interface\localinterface\irc_interface.cpp">
      <Filter>Source Files</Filter>
    </ClCompile>
    <ClCompile Include="interface\localinterface\keyboardinterface.cpp">
      <Filter>Source Files</Filter>
    </ClCompile>
    <ClCompile Include="interface\localinterface\lan_interface.cpp">
      <Filter>Source Files</Filter>
    </ClCompile>
    <ClCompile Include="world\computer\lancomputer.cpp">
      <Filter>Source Files</Filter>
    </ClCompile>
    <ClCompile Include="interface\taskmanager\lanforce.cpp">
      <Filter>Source Files</Filter>
    </ClCompile>
    <ClCompile Include="world\generator\langenerator.cpp">
      <Filter>Source Files</Filter>
    </ClCompile>
    <ClCompile Include="world\computer\lanmonitor.cpp">
      <Filter>Source Files</Filter>
    </ClCompile>
    <ClCompile Include="interface\taskmanager\lanprobe.cpp">
      <Filter>Source Files</Filter>
    </ClCompile>
    <ClCompile Include="interface\taskmanager\lanscan.cpp">
      <Filter>Source Files</Filter>
    </ClCompile>
    <ClCompile Include="interface\taskmanager\lanspoof.cpp">
      <Filter>Source Files</Filter>
    </ClCompile>
    <ClCompile Include="world\computer\computerscreen\linksscreen.cpp">
      <Filter>Source Files</Filter>
    </ClCompile>
    <ClCompile Include="interface\remoteinterface\linksscreen_interface.cpp">
      <Filter>Source Files</Filter>
    </ClCompile>
    <ClCompile Include="mainmenu\loading_interface.cpp">
      <Filter>Source Files</Filter>
    </ClCompile>
    <ClCompile Include="interface\remoteinterface\loansscreen_interface.cpp">
      <Filter>Source Files</Filter>
    </ClCompile>
    <ClCompile Include="interface\localinterface\localinterface.cpp">
      <Filter>Source Files</Filter>
    </ClCompile>
    <ClCompile Include="interface\localinterface\localinterfacescreen.cpp">
      <Filter>Source Files</Filter>
    </ClCompile>
    <ClCompile Include="world\computer\logbank.cpp">
      <Filter>Source Files</Filter>
    </ClCompile>
    <ClCompile Include="interface\taskmanager\logdeleter.cpp">
      <Filter>Source Files</Filter>
    </ClCompile>
    <ClCompile Include="mainmenu\login_interface.cpp">
      <Filter>Source Files</Filter>
    </ClCompile>
    <ClCompile Include="interface\taskmanager\logmodifier.cpp">
      <Filter>Source Files</Filter>
    </ClCompile>
    <ClCompile Include="world\computer\computerscreen\logscreen.cpp">
      <Filter>Source Files</Filter>
    </ClCompile>
    <ClCompile Include="interface\remoteinterface\logscreen_interface.cpp">
      <Filter>Source Files</Filter>
    </ClCompile>
    <ClCompile Include="interface\taskmanager\logundeleter.cpp">
      <Filter>Source Files</Filter>
    </ClCompile>
    <ClCompile Include="mainmenu\mainmenu.cpp">
      <Filter>Source Files</Filter>
    </ClCompile>
    <ClCompile Include="mainmenu\mainmenuscreen.cpp">
      <Filter>Source Files</Filter>
    </ClCompile>
    <ClCompile Include="interface\localinterface\memory_interface.cpp">
      <Filter>Source Files</Filter>
    </ClCompile>
    <ClCompile Include="world\computer\computerscreen\menuscreen.cpp">
      <Filter>Source Files</Filter>
    </ClCompile>
    <ClCompile Include="interface\remoteinterface\menuscreen_interface.cpp">
      <Filter>Source Files</Filter>
    </ClCompile>
    <ClCompile Include="world\message.cpp">
      <Filter>Source Files</Filter>
    </ClCompile>
    <ClCompile Include="world\computer\computerscreen\messagescreen.cpp">
      <Filter>Source Files</Filter>
    </ClCompile>
    <ClCompile Include="interface\remoteinterface\messagescreen_interface.cpp">
      <Filter>Source Files</Filter>
    </ClCompile>
    <ClCompile Include="MiniVersion.cpp">
      <Filter>Source Files</Filter>
    </ClCompile>
    <ClCompile Include="app\miscutils.cpp">
      <Filter>Source Files</Filter>
    </ClCompile>
    <ClCompile Include="world\company\mission.cpp">
      <Filter>Source Files</Filter>
    </ClCompile>
    <ClCompile Include="interface\localinterface\mission_interface.cpp">
      <Filter>Source Files</Filter>
    </ClCompile>
    <ClCompile Include="world\generator\missiongenerator.cpp">
      <Filter>Source Files</Filter>
    </ClCompile>
    <ClCompile Include="interface\taskmanager\motionsensor.cpp">
      <Filter>Source Files</Filter>
    </ClCompile>
    <ClCompile Include="world\generator\namegenerator.cpp">
      <Filter>Source Files</Filter>
    </ClCompile>
    <ClCompile Include="interface\remoteinterface\nearestgatewayscreen_interface.cpp">
      <Filter>Source Files</Filter>
    </ClCompile>
    <ClCompile Include="network\network.cpp">
      <Filter>Source Files</Filter>
    </ClCompile>
    <ClCompile Include="network\networkclient.cpp">
      <Filter>Source Files</Filter>
    </ClCompile>
    <ClCompile Include="mainmenu\networkoptions_interface.cpp">
      <Filter>Source Files</Filter>
    </ClCompile>
    <ClCompile Include="network\interfaces\networkscreen.cpp">
      <Filter>Source Files</Filter>
    </ClCompile>
    <ClCompile Include="network\networkserver.cpp">
      <Filter>Source Files</Filter>
    </ClCompile>
    <ClCompile Include="world\company\news.cpp">
      <Filter>Source Files</Filter>
    </ClCompile>
    <ClCompile Include="world\generator\newsgenerator.cpp">
      <Filter>Source Files</Filter>
    </ClCompile>
    <ClCompile Include="interface\remoteinterface\newsscreen_interface.cpp">
      <Filter>Source Files</Filter>
    </ClCompile>
    <ClCompile Include="world\scheduler\notificationevent.cpp">
      <Filter>Source Files</Filter>
    </ClCompile>
    <ClCompile Include="interface\remoteinterface\nuclearwarscreen_interface.cpp">
      <Filter>Source Files</Filter>
    </ClCompile>
    <ClCompile Include="world\generator\numbergenerator.cpp">
      <Filter>Source Files</Filter>
    </ClCompile>
    <ClCompile Include="mainmenu\obituary_interface.cpp">
      <Filter>Source Files</Filter>
    </ClCompile>
    <ClCompile Include="app\opengl.cpp">
      <Filter>Source Files</Filter>
    </ClCompile>
    <ClCompile Include="app\opengl_interface.cpp">
      <Filter>Source Files</Filter>
    </ClCompile>
    <ClCompile Include="options\options.cpp">
      <Filter>Source Files</Filter>
    </ClCompile>
    <ClCompile Include="mainmenu\options_interface.cpp">
      <Filter>Source Files</Filter>
    </ClCompile>
    <ClCompile Include="interface\taskmanager\passwordbreaker.cpp">
      <Filter>Source Files</Filter>
    </ClCompile>
    <ClCompile Include="world\computer\computerscreen\passwordscreen.cpp">
      <Filter>Source Files</Filter>
    </ClCompile>
    <ClCompile Include="interface\remoteinterface\passwordscreen_interface.cpp">
      <Filter>Source Files</Filter>
    </ClCompile>
    <ClCompile Include="world\person.cpp">
      <Filter>Source Files</Filter>
    </ClCompile>
    <ClCompile Include="interface\localinterface\phonedialler.cpp">
      <Filter>Source Files</Filter>
    </ClCompile>
    <ClCompile Include="world\player.cpp">
      <Filter>Source Files</Filter>
    </ClCompile>
    <ClCompile Include="world\generator\plotgenerator.cpp">
      <Filter>Source Files</Filter>
    </ClCompile>
    <ClCompile Include="app\probability.cpp">
      <Filter>Source Files</Filter>
    </ClCompile>
    <ClCompile Include="interface\remoteinterface\protovisionscreen_interface.cpp">
      <Filter>Source Files</Filter>
    </ClCompile>
    <ClCompile Include="interface\taskmanager\proxydisable.cpp">
      <Filter>Source Files</Filter>
    </ClCompile>
    <ClCompile Include="interface\remoteinterface\radiotransmitterscreen_interface.cpp">
      <Filter>Source Files</Filter>
    </ClCompile>
    <ClCompile Include="interface\remoteinterface\rankingscreen_interface.cpp">
      <Filter>Source Files</Filter>
    </ClCompile>
    <ClCompile Include="world\rating.cpp">
      <Filter>Source Files</Filter>
    </ClCompile>
    <ClCompile Include="world\computer\recordbank.cpp">
      <Filter>Source Files</Filter>
    </ClCompile>
    <ClCompile Include="world\generator\recordgenerator.cpp">
      <Filter>Source Files</Filter>
    </ClCompile>
    <ClCompile Include="interface\remoteinterface\recordscreen_interface.cpp">
      <Filter>Source Files</Filter>
    </ClCompile>
    <ClCompile Include="interface\remoteinterface\remoteinterface.cpp">
      <Filter>Source Files</Filter>
    </ClCompile>
    <ClCompile Include="interface\remoteinterface\remoteinterfacescreen.cpp">
      <Filter>Source Files</Filter>
    </ClCompile>
    <ClCompile Include="app\resizex.cpp">
      <Filter>Source Files</Filter>
    </ClCompile>
    <ClCompile Include="interface\taskmanager\revelation.cpp">
      <Filter>Source Files</Filter>
    </ClCompile>
    <ClCompile Include="mainmenu\revelationlost_interface.cpp">
      <Filter>Source Files</Filter>
    </ClCompile>
    <ClCompile Include="interface\taskmanager\revelationtracker.cpp">
      <Filter>Source Files</Filter>
    </ClCompile>
    <ClCompile Include="mainmenu\revelationwon_interface.cpp">
      <Filter>Source Files</Filter>
    </ClCompile>
    <ClCompile Include="world\scheduler\runplotsceneevent.cpp">
      <Filter>Source Files</Filter>
    </ClCompile>
    <ClCompile Include="world\company\sale.cpp">
      <Filter>Source Files</Filter>
    </ClCompile>
    <ClCompile Include="game\scriptlibrary.cpp">
      <Filter>Source Files</Filter>
    </ClCompile>
    <ClCompile Include="interface\scrollbox.cpp">
      <Filter>Source Files</Filter>
    </ClCompile>
    <ClCompile Include="world\computer\security.cpp">
      <Filter>Source Files</Filter>
    </ClCompile>
    <ClCompile Include="interface\taskmanager\securitybypass.cpp">
      <Filter>Source Files</Filter>
    </ClCompile>
    <ClCompile Include="world\computer\securitymonitor.cpp">
      <Filter>Source Files</Filter>
    </ClCompile>
    <ClCompile Include="interface\remoteinterface\securityscreen_interface.cpp">
      <Filter>Source Files</Filter>
    </ClCompile>
    <ClCompile Include="world\computer\securitysystem.cpp">
      <Filter>Source Files</Filter>
    </ClCompile>
    <ClCompile Include="world\scheduler\seizegatewayevent.cpp">
      <Filter>Source Files</Filter>
    </ClCompile>
    <ClCompile Include="interface\localinterface\sendmail_interface.cpp">
      <Filter>Source Files</Filter>
    </ClCompile>
    <ClCompile Include="app\serialise.cpp">
      <Filter>Source Files</Filter>
    </ClCompile>
    <ClCompile Include="world\computer\computerscreen\shareslistscreen.cpp">
      <Filter>Source Files</Filter>
    </ClCompile>
    <ClCompile Include="interface\remoteinterface\shareslistscreen_interface.cpp">
      <Filter>Source Files</Filter>
    </ClCompile>
    <ClCompile Include="interface\remoteinterface\sharesviewscreen_interface.cpp">
      <Filter>Source Files</Filter>
    </ClCompile>
    <ClCompile Include="world\scheduler\shotbyfedsevent.cpp">
      <Filter>Source Files</Filter>
    </ClCompile>
    <ClCompile Include="interface\remoteinterface\socialsecurityscreen_interface.cpp">
      <Filter>Source Files</Filter>
    </ClCompile>
    <ClCompile Include="interface\localinterface\status_interface.cpp">
      <Filter>Source Files</Filter>
    </ClCompile>
    <ClCompile Include="stdafx.cpp">
      <Filter>Source Files</Filter>
    </ClCompile>
    <ClCompile Include="interface\localinterface\sw_interface.cpp">
      <Filter>Source Files</Filter>
    </ClCompile>
    <ClCompile Include="interface\remoteinterface\swsalesscreen_interface.cpp">
      <Filter>Source Files</Filter>
    </ClCompile>
    <ClCompile Include="interface\taskmanager\taskmanager.cpp">
      <Filter>Source Files</Filter>
    </ClCompile>
    <ClCompile Include="interface\localinterface\template_interface.cpp">
      <Filter>Source Files</Filter>
    </ClCompile>
    <ClCompile Include="mainmenu\theme_interface.cpp">
      <Filter>Source Files</Filter>
    </ClCompile>
    <ClCompile Include="mainmenu\theteam_interface.cpp">
      <Filter>Source Files</Filter>
    </ClCompile>
    <ClCompile Include="interface\taskmanager\tracetracker.cpp">
      <Filter>Source Files</Filter>
    </ClCompile>
    <ClCompile Include="interface\taskmanager\tutorial.cpp">
      <Filter>Source Files</Filter>
    </ClCompile>
    <ClCompile Include="uplink.cpp">
      <Filter>Source Files</Filter>
    </ClCompile>
    <ClCompile Include="interface\taskmanager\uplinkagentlist.cpp">
      <Filter>Source Files</Filter>
    </ClCompile>
    <ClCompile Include="world\scheduler\uplinkevent.cpp">
      <Filter>Source Files</Filter>
    </ClCompile>
    <ClCompile Include="app\uplinkobject.cpp">
      <Filter>Source Files</Filter>
    </ClCompile>
    <ClCompile Include="interface\taskmanager\uplinktask.cpp">
      <Filter>Source Files</Filter>
    </ClCompile>
    <ClCompile Include="world\computer\computerscreen\useridscreen.cpp">
      <Filter>Source Files</Filter>
    </ClCompile>
    <ClCompile Include="interface\remoteinterface\useridscreen_interface.cpp">
      <Filter>Source Files</Filter>
    </ClCompile>
    <ClCompile Include="version.cpp">
      <Filter>Source Files</Filter>
    </ClCompile>
    <ClCompile Include="view\view.cpp">
      <Filter>Source Files</Filter>
    </ClCompile>
    <ClCompile Include="world\vlocation.cpp">
      <Filter>Source Files</Filter>
    </ClCompile>
    <ClCompile Include="interface\taskmanager\voiceanalyser.cpp">
      <Filter>Source Files</Filter>
    </ClCompile>
    <ClCompile Include="interface\remoteinterface\voiceanalysisscreen_interface.cpp">
      <Filter>Source Files</Filter>
    </ClCompile>
    <ClCompile Include="interface\remoteinterface\voicephonescreen_interface.cpp">
      <Filter>Source Files</Filter>
    </ClCompile>
    <ClCompile Include="mainmenu\warezgameover_interface.cpp">
      <Filter>Source Files</Filter>
    </ClCompile>
    <ClCompile Include="world\scheduler\warningevent.cpp">
      <Filter>Source Files</Filter>
    </ClCompile>
    <ClCompile Include="world\world.cpp">
      <Filter>Source Files</Filter>
    </ClCompile>
    <ClCompile Include="world\generator\worldgenerator.cpp">
      <Filter>Source Files</Filter>
    </ClCompile>
    <ClCompile Include="interface\localinterface\worldmap\worldmap_interface.cpp">
      <Filter>Source Files</Filter>
    </ClCompile>
    <ClCompile Include="interface\localinterface\worldmap\worldmap_layout.cpp">
      <Filter>Source Files</Filter>
    </ClCompile>
  </ItemGroup>
</Project>