
Microsoft Visual Studio Solution File, Format Version 9.00
# Visual Studio 2005
Project("{8BC9CEB8-8B4A-11D0-8D11-00A0C91BC942}") = "Uplink", "Uplink.vcproj", "{B212AE39-B67C-44FF-BD8B-B1E1C8AD799E}"
	ProjectSection(ProjectDependencies) = postProject
		{735CD5FA-2CC5-4B8D-A60D-FCA14D1DD8C2} = {735CD5FA-2CC5-4B8D-A60D-FCA14D1DD8C2}
		{934C5ED6-5329-4DA5-A92B-7CC3D32D4E0A} = {934C5ED6-5329-4DA5-A92B-7CC3D32D4E0A}
		{5DD449CE-19FF-43A0-B17C-D52B5655E214} = {5DD449CE-19FF-43A0-B17C-D52B5655E214}
		{377251CA-D5B9-4098-ABBF-DA437F84BF5B} = {377251CA-D5B9-4098-ABBF-DA437F84BF5B}
		{523207A8-06FE-482B-AB56-6183D8C48F84} = {523207A8-06FE-482B-AB56-6183D8C48F84}
		{CA23E288-C296-4DAA-AE57-E4C3F7E15003} = {CA23E288-C296-4DAA-AE57-E4C3F7E15003}
		{4FAD1047-2942-4A33-8EF4-3E245F7BE21D} = {4FAD1047-2942-4A33-8EF4-3E245F7BE21D}
		{7E18A01E-4DA0-4C6A-AB42-6EC44853098F} = {7E18A01E-4DA0-4C6A-AB42-6EC44853098F}
		{42249017-93D5-4566-AFAA-A4C368BA2CEA} = {42249017-93D5-4566-AFAA-A4C368BA2CEA}
	EndProjectSection
EndProject
Project("{8BC9CEB8-8B4A-11D0-8D11-00A0C91BC942}") = "Bungle", "..\..\lib\bungle\Bungle.vcproj", "{4FAD1047-2942-4A33-8EF4-3E245F7BE21D}"
EndProject
Project("{8BC9CEB8-8B4A-11D0-8D11-00A0C91BC942}") = "Eclipse", "..\..\lib\eclipse\Eclipse.vcproj", "{735CD5FA-2CC5-4B8D-A60D-FCA14D1DD8C2}"
EndProject
Project("{8BC9CEB8-8B4A-11D0-8D11-00A0C91BC942}") = "Gucci", "..\..\lib\gucci\Gucci.vcproj", "{7E18A01E-4DA0-4C6A-AB42-6EC44853098F}"
EndProject
Project("{8BC9CEB8-8B4A-11D0-8D11-00A0C91BC942}") = "Redshirt", "..\..\lib\redshirt\Redshirt.vcproj", "{377251CA-D5B9-4098-ABBF-DA437F84BF5B}"
	ProjectSection(ProjectDependencies) = postProject
		{6516E247-BDAE-4F13-B0A5-14E634C22ED0} = {6516E247-BDAE-4F13-B0A5-14E634C22ED0}
	EndProjectSection
EndProject
Project("{8BC9CEB8-8B4A-11D0-8D11-00A0C91BC942}") = "Soundgarden", "..\..\lib\soundgarden\Soundgarden.vcproj", "{5DD449CE-19FF-43A0-B17C-D52B5655E214}"
EndProject
Project("{8BC9CEB8-8B4A-11D0-8D11-00A0C91BC942}") = "Tosser", "..\..\lib\tosser\Tosser.vcproj", "{523207A8-06FE-482B-AB56-6183D8C48F84}"
EndProject
Project("{8BC9CEB8-8B4A-11D0-8D11-00A0C91BC942}") = "Vanbakel", "..\..\lib\vanbakel\Vanbakel.vcproj", "{42249017-93D5-4566-AFAA-A4C368BA2CEA}"
EndProject
Project("{8BC9CEB8-8B4A-11D0-8D11-00A0C91BC942}") = "IRCLib", "..\..\contrib\irclib\IRCLib.vcproj", "{934C5ED6-5329-4DA5-A92B-7CC3D32D4E0A}"
EndProject
Project("{8BC9CEB8-8B4A-11D0-8D11-00A0C91BC942}") = "mmgr", "..\..\lib\mmgr\mmgr.vcproj", "{CA23E288-C296-4DAA-AE57-E4C3F7E15003}"
EndProject
Project("{8BC9CEB8-8B4A-11D0-8D11-00A0C91BC942}") = "Unrar", "..\..\contrib\unrar\Unrar.vcproj", "{6516E247-BDAE-4F13-B0A5-14E634C22ED0}"
EndProject
Global
	GlobalSection(SolutionConfigurationPlatforms) = preSolution
		Debug|Any CPU = Debug|Any CPU
		Debug|Mixed Platforms = Debug|Mixed Platforms
		Debug|Win32 = Debug|Win32
		DemoDebug|Any CPU = DemoDebug|Any CPU
		DemoDebug|Mixed Platforms = DemoDebug|Mixed Platforms
		DemoDebug|Win32 = DemoDebug|Win32
		DemoRelease|Any CPU = DemoRelease|Any CPU
		DemoRelease|Mixed Platforms = DemoRelease|Mixed Platforms
		DemoRelease|Win32 = DemoRelease|Win32
		Release|Any CPU = Release|Any CPU
		Release|Mixed Platforms = Release|Mixed Platforms
		Release|Win32 = Release|Win32
		Unoptimised|Any CPU = Unoptimised|Any CPU
		Unoptimised|Mixed Platforms = Unoptimised|Mixed Platforms
		Unoptimised|Win32 = Unoptimised|Win32
	EndGlobalSection
	GlobalSection(ProjectConfigurationPlatforms) = postSolution
		{B212AE39-B67C-44FF-BD8B-B1E1C8AD799E}.Debug|Any CPU.ActiveCfg = Debug|Win32
		{B212AE39-B67C-44FF-BD8B-B1E1C8AD799E}.Debug|Mixed Platforms.ActiveCfg = Debug|Win32
		{B212AE39-B67C-44FF-BD8B-B1E1C8AD799E}.Debug|Mixed Platforms.Build.0 = Debug|Win32
		{B212AE39-B67C-44FF-BD8B-B1E1C8AD799E}.Debug|Win32.ActiveCfg = Debug|Win32
		{B212AE39-B67C-44FF-BD8B-B1E1C8AD799E}.Debug|Win32.Build.0 = Debug|Win32
		{B212AE39-B67C-44FF-BD8B-B1E1C8AD799E}.DemoDebug|Any CPU.ActiveCfg = Debug|Win32
		{B212AE39-B67C-44FF-BD8B-B1E1C8AD799E}.DemoDebug|Mixed Platforms.ActiveCfg = DemoDebug|Win32
		{B212AE39-B67C-44FF-BD8B-B1E1C8AD799E}.DemoDebug|Mixed Platforms.Build.0 = DemoDebug|Win32
		{B212AE39-B67C-44FF-BD8B-B1E1C8AD799E}.DemoDebug|Win32.ActiveCfg = Debug|Win32
		{B212AE39-B67C-44FF-BD8B-B1E1C8AD799E}.DemoDebug|Win32.Build.0 = Debug|Win32
		{B212AE39-B67C-44FF-BD8B-B1E1C8AD799E}.DemoRelease|Any CPU.ActiveCfg = Release|Win32
		{B212AE39-B67C-44FF-BD8B-B1E1C8AD799E}.DemoRelease|Mixed Platforms.ActiveCfg = DemoRelease|Win32
		{B212AE39-B67C-44FF-BD8B-B1E1C8AD799E}.DemoRelease|Mixed Platforms.Build.0 = DemoRelease|Win32
		{B212AE39-B67C-44FF-BD8B-B1E1C8AD799E}.DemoRelease|Win32.ActiveCfg = Release|Win32
		{B212AE39-B67C-44FF-BD8B-B1E1C8AD799E}.DemoRelease|Win32.Build.0 = Release|Win32
		{B212AE39-B67C-44FF-BD8B-B1E1C8AD799E}.Release|Any CPU.ActiveCfg = Release|Win32
		{B212AE39-B67C-44FF-BD8B-B1E1C8AD799E}.Release|Mixed Platforms.ActiveCfg = Release|Win32
		{B212AE39-B67C-44FF-BD8B-B1E1C8AD799E}.Release|Mixed Platforms.Build.0 = Release|Win32
		{B212AE39-B67C-44FF-BD8B-B1E1C8AD799E}.Release|Win32.ActiveCfg = Release|Win32
		{B212AE39-B67C-44FF-BD8B-B1E1C8AD799E}.Release|Win32.Build.0 = Release|Win32
		{B212AE39-B67C-44FF-BD8B-B1E1C8AD799E}.Unoptimised|Any CPU.ActiveCfg = Unoptimised|Win32
		{B212AE39-B67C-44FF-BD8B-B1E1C8AD799E}.Unoptimised|Mixed Platforms.ActiveCfg = Unoptimised|Win32
		{B212AE39-B67C-44FF-BD8B-B1E1C8AD799E}.Unoptimised|Mixed Platforms.Build.0 = Unoptimised|Win32
		{B212AE39-B67C-44FF-BD8B-B1E1C8AD799E}.Unoptimised|Win32.ActiveCfg = Unoptimised|Win32
		{B212AE39-B67C-44FF-BD8B-B1E1C8AD799E}.Unoptimised|Win32.Build.0 = Unoptimised|Win32
		{4FAD1047-2942-4A33-8EF4-3E245F7BE21D}.Debug|Any CPU.ActiveCfg = Debug|Win32
		{4FAD1047-2942-4A33-8EF4-3E245F7BE21D}.Debug|Mixed Platforms.ActiveCfg = Debug|Win32
		{4FAD1047-2942-4A33-8EF4-3E245F7BE21D}.Debug|Mixed Platforms.Build.0 = Debug|Win32
		{4FAD1047-2942-4A33-8EF4-3E245F7BE21D}.Debug|Win32.ActiveCfg = Debug|Win32
		{4FAD1047-2942-4A33-8EF4-3E245F7BE21D}.Debug|Win32.Build.0 = Debug|Win32
		{4FAD1047-2942-4A33-8EF4-3E245F7BE21D}.DemoDebug|Any CPU.ActiveCfg = Debug|Win32
		{4FAD1047-2942-4A33-8EF4-3E245F7BE21D}.DemoDebug|Mixed Platforms.ActiveCfg = Debug|Win32
		{4FAD1047-2942-4A33-8EF4-3E245F7BE21D}.DemoDebug|Mixed Platforms.Build.0 = Debug|Win32
		{4FAD1047-2942-4A33-8EF4-3E245F7BE21D}.DemoDebug|Win32.ActiveCfg = Debug|Win32
		{4FAD1047-2942-4A33-8EF4-3E245F7BE21D}.DemoDebug|Win32.Build.0 = Debug|Win32
		{4FAD1047-2942-4A33-8EF4-3E245F7BE21D}.DemoRelease|Any CPU.ActiveCfg = Release|Win32
		{4FAD1047-2942-4A33-8EF4-3E245F7BE21D}.DemoRelease|Mixed Platforms.ActiveCfg = Release|Win32
		{4FAD1047-2942-4A33-8EF4-3E245F7BE21D}.DemoRelease|Mixed Platforms.Build.0 = Release|Win32
		{4FAD1047-2942-4A33-8EF4-3E245F7BE21D}.DemoRelease|Win32.ActiveCfg = Release|Win32
		{4FAD1047-2942-4A33-8EF4-3E245F7BE21D}.DemoRelease|Win32.Build.0 = Release|Win32
		{4FAD1047-2942-4A33-8EF4-3E245F7BE21D}.Release|Any CPU.ActiveCfg = Release|Win32
		{4FAD1047-2942-4A33-8EF4-3E245F7BE21D}.Release|Mixed Platforms.ActiveCfg = Release|Win32
		{4FAD1047-2942-4A33-8EF4-3E245F7BE21D}.Release|Mixed Platforms.Build.0 = Release|Win32
		{4FAD1047-2942-4A33-8EF4-3E245F7BE21D}.Release|Win32.ActiveCfg = Release|Win32
		{4FAD1047-2942-4A33-8EF4-3E245F7BE21D}.Release|Win32.Build.0 = Release|Win32
		{4FAD1047-2942-4A33-8EF4-3E245F7BE21D}.Unoptimised|Any CPU.ActiveCfg = Unoptimised|Win32
		{4FAD1047-2942-4A33-8EF4-3E245F7BE21D}.Unoptimised|Mixed Platforms.ActiveCfg = Unoptimised|Win32
		{4FAD1047-2942-4A33-8EF4-3E245F7BE21D}.Unoptimised|Mixed Platforms.Build.0 = Unoptimised|Win32
		{4FAD1047-2942-4A33-8EF4-3E245F7BE21D}.Unoptimised|Win32.ActiveCfg = Unoptimised|Win32
		{4FAD1047-2942-4A33-8EF4-3E245F7BE21D}.Unoptimised|Win32.Build.0 = Unoptimised|Win32
		{735CD5FA-2CC5-4B8D-A60D-FCA14D1DD8C2}.Debug|Any CPU.ActiveCfg = Debug|Win32
		{735CD5FA-2CC5-4B8D-A60D-FCA14D1DD8C2}.Debug|Mixed Platforms.ActiveCfg = Debug|Win32
		{735CD5FA-2CC5-4B8D-A60D-FCA14D1DD8C2}.Debug|Mixed Platforms.Build.0 = Debug|Win32
		{735CD5FA-2CC5-4B8D-A60D-FCA14D1DD8C2}.Debug|Win32.ActiveCfg = Debug|Win32
		{735CD5FA-2CC5-4B8D-A60D-FCA14D1DD8C2}.Debug|Win32.Build.0 = Debug|Win32
		{735CD5FA-2CC5-4B8D-A60D-FCA14D1DD8C2}.DemoDebug|Any CPU.ActiveCfg = Debug|Win32
		{735CD5FA-2CC5-4B8D-A60D-FCA14D1DD8C2}.DemoDebug|Mixed Platforms.ActiveCfg = Debug|Win32
		{735CD5FA-2CC5-4B8D-A60D-FCA14D1DD8C2}.DemoDebug|Mixed Platforms.Build.0 = Debug|Win32
		{735CD5FA-2CC5-4B8D-A60D-FCA14D1DD8C2}.DemoDebug|Win32.ActiveCfg = Debug|Win32
		{735CD5FA-2CC5-4B8D-A60D-FCA14D1DD8C2}.DemoDebug|Win32.Build.0 = Debug|Win32
		{735CD5FA-2CC5-4B8D-A60D-FCA14D1DD8C2}.DemoRelease|Any CPU.ActiveCfg = Release|Win32
		{735CD5FA-2CC5-4B8D-A60D-FCA14D1DD8C2}.DemoRelease|Mixed Platforms.ActiveCfg = Release|Win32
		{735CD5FA-2CC5-4B8D-A60D-FCA14D1DD8C2}.DemoRelease|Mixed Platforms.Build.0 = Release|Win32
		{735CD5FA-2CC5-4B8D-A60D-FCA14D1DD8C2}.DemoRelease|Win32.ActiveCfg = Release|Win32
		{735CD5FA-2CC5-4B8D-A60D-FCA14D1DD8C2}.DemoRelease|Win32.Build.0 = Release|Win32
		{735CD5FA-2CC5-4B8D-A60D-FCA14D1DD8C2}.Release|Any CPU.ActiveCfg = Release|Win32
		{735CD5FA-2CC5-4B8D-A60D-FCA14D1DD8C2}.Release|Mixed Platforms.ActiveCfg = Release|Win32
		{735CD5FA-2CC5-4B8D-A60D-FCA14D1DD8C2}.Release|Mixed Platforms.Build.0 = Release|Win32
		{735CD5FA-2CC5-4B8D-A60D-FCA14D1DD8C2}.Release|Win32.ActiveCfg = Release|Win32
		{735CD5FA-2CC5-4B8D-A60D-FCA14D1DD8C2}.Release|Win32.Build.0 = Release|Win32
		{735CD5FA-2CC5-4B8D-A60D-FCA14D1DD8C2}.Unoptimised|Any CPU.ActiveCfg = Unoptimised|Win32
		{735CD5FA-2CC5-4B8D-A60D-FCA14D1DD8C2}.Unoptimised|Mixed Platforms.ActiveCfg = Unoptimised|Win32
		{735CD5FA-2CC5-4B8D-A60D-FCA14D1DD8C2}.Unoptimised|Mixed Platforms.Build.0 = Unoptimised|Win32
		{735CD5FA-2CC5-4B8D-A60D-FCA14D1DD8C2}.Unoptimised|Win32.ActiveCfg = Unoptimised|Win32
		{735CD5FA-2CC5-4B8D-A60D-FCA14D1DD8C2}.Unoptimised|Win32.Build.0 = Unoptimised|Win32
		{7E18A01E-4DA0-4C6A-AB42-6EC44853098F}.Debug|Any CPU.ActiveCfg = Debug|Win32
		{7E18A01E-4DA0-4C6A-AB42-6EC44853098F}.Debug|Mixed Platforms.ActiveCfg = Debug|Win32
		{7E18A01E-4DA0-4C6A-AB42-6EC44853098F}.Debug|Mixed Platforms.Build.0 = Debug|Win32
		{7E18A01E-4DA0-4C6A-AB42-6EC44853098F}.Debug|Win32.ActiveCfg = Debug|Win32
		{7E18A01E-4DA0-4C6A-AB42-6EC44853098F}.Debug|Win32.Build.0 = Debug|Win32
		{7E18A01E-4DA0-4C6A-AB42-6EC44853098F}.DemoDebug|Any CPU.ActiveCfg = Debug|Win32
		{7E18A01E-4DA0-4C6A-AB42-6EC44853098F}.DemoDebug|Mixed Platforms.ActiveCfg = Debug|Win32
		{7E18A01E-4DA0-4C6A-AB42-6EC44853098F}.DemoDebug|Mixed Platforms.Build.0 = Debug|Win32
		{7E18A01E-4DA0-4C6A-AB42-6EC44853098F}.DemoDebug|Win32.ActiveCfg = Debug|Win32
		{7E18A01E-4DA0-4C6A-AB42-6EC44853098F}.DemoDebug|Win32.Build.0 = Debug|Win32
		{7E18A01E-4DA0-4C6A-AB42-6EC44853098F}.DemoRelease|Any CPU.ActiveCfg = Release|Win32
		{7E18A01E-4DA0-4C6A-AB42-6EC44853098F}.DemoRelease|Mixed Platforms.ActiveCfg = Release|Win32
		{7E18A01E-4DA0-4C6A-AB42-6EC44853098F}.DemoRelease|Mixed Platforms.Build.0 = Release|Win32
		{7E18A01E-4DA0-4C6A-AB42-6EC44853098F}.DemoRelease|Win32.ActiveCfg = Release|Win32
		{7E18A01E-4DA0-4C6A-AB42-6EC44853098F}.DemoRelease|Win32.Build.0 = Release|Win32
		{7E18A01E-4DA0-4C6A-AB42-6EC44853098F}.Release|Any CPU.ActiveCfg = Release|Win32
		{7E18A01E-4DA0-4C6A-AB42-6EC44853098F}.Release|Mixed Platforms.ActiveCfg = Release|Win32
		{7E18A01E-4DA0-4C6A-AB42-6EC44853098F}.Release|Mixed Platforms.Build.0 = Release|Win32
		{7E18A01E-4DA0-4C6A-AB42-6EC44853098F}.Release|Win32.ActiveCfg = Release|Win32
		{7E18A01E-4DA0-4C6A-AB42-6EC44853098F}.Release|Win32.Build.0 = Release|Win32
		{7E18A01E-4DA0-4C6A-AB42-6EC44853098F}.Unoptimised|Any CPU.ActiveCfg = Unoptimised|Win32
		{7E18A01E-4DA0-4C6A-AB42-6EC44853098F}.Unoptimised|Mixed Platforms.ActiveCfg = Unoptimised|Win32
		{7E18A01E-4DA0-4C6A-AB42-6EC44853098F}.Unoptimised|Mixed Platforms.Build.0 = Unoptimised|Win32
		{7E18A01E-4DA0-4C6A-AB42-6EC44853098F}.Unoptimised|Win32.ActiveCfg = Unoptimised|Win32
		{7E18A01E-4DA0-4C6A-AB42-6EC44853098F}.Unoptimised|Win32.Build.0 = Unoptimised|Win32
		{377251CA-D5B9-4098-ABBF-DA437F84BF5B}.Debug|Any CPU.ActiveCfg = Debug|Win32
		{377251CA-D5B9-4098-ABBF-DA437F84BF5B}.Debug|Mixed Platforms.ActiveCfg = Debug|Win32
		{377251CA-D5B9-4098-ABBF-DA437F84BF5B}.Debug|Mixed Platforms.Build.0 = Debug|Win32
		{377251CA-D5B9-4098-ABBF-DA437F84BF5B}.Debug|Win32.ActiveCfg = Debug|Win32
		{377251CA-D5B9-4098-ABBF-DA437F84BF5B}.Debug|Win32.Build.0 = Debug|Win32
		{377251CA-D5B9-4098-ABBF-DA437F84BF5B}.DemoDebug|Any CPU.ActiveCfg = Debug|Win32
		{377251CA-D5B9-4098-ABBF-DA437F84BF5B}.DemoDebug|Mixed Platforms.ActiveCfg = Debug|Win32
		{377251CA-D5B9-4098-ABBF-DA437F84BF5B}.DemoDebug|Mixed Platforms.Build.0 = Debug|Win32
		{377251CA-D5B9-4098-ABBF-DA437F84BF5B}.DemoDebug|Win32.ActiveCfg = Debug|Win32
		{377251CA-D5B9-4098-ABBF-DA437F84BF5B}.DemoDebug|Win32.Build.0 = Debug|Win32
		{377251CA-D5B9-4098-ABBF-DA437F84BF5B}.DemoRelease|Any CPU.ActiveCfg = Release|Win32
		{377251CA-D5B9-4098-ABBF-DA437F84BF5B}.DemoRelease|Mixed Platforms.ActiveCfg = Release|Win32
		{377251CA-D5B9-4098-ABBF-DA437F84BF5B}.DemoRelease|Mixed Platforms.Build.0 = Release|Win32
		{377251CA-D5B9-4098-ABBF-DA437F84BF5B}.DemoRelease|Win32.ActiveCfg = Release|Win32
		{377251CA-D5B9-4098-ABBF-DA437F84BF5B}.DemoRelease|Win32.Build.0 = Release|Win32
		{377251CA-D5B9-4098-ABBF-DA437F84BF5B}.Release|Any CPU.ActiveCfg = Release|Win32
		{377251CA-D5B9-4098-ABBF-DA437F84BF5B}.Release|Mixed Platforms.ActiveCfg = Release|Win32
		{377251CA-D5B9-4098-ABBF-DA437F84BF5B}.Release|Mixed Platforms.Build.0 = Release|Win32
		{377251CA-D5B9-4098-ABBF-DA437F84BF5B}.Release|Win32.ActiveCfg = Release|Win32
		{377251CA-D5B9-4098-ABBF-DA437F84BF5B}.Release|Win32.Build.0 = Release|Win32
		{377251CA-D5B9-4098-ABBF-DA437F84BF5B}.Unoptimised|Any CPU.ActiveCfg = Unoptimised|Win32
		{377251CA-D5B9-4098-ABBF-DA437F84BF5B}.Unoptimised|Mixed Platforms.ActiveCfg = Unoptimised|Win32
		{377251CA-D5B9-4098-ABBF-DA437F84BF5B}.Unoptimised|Mixed Platforms.Build.0 = Unoptimised|Win32
		{377251CA-D5B9-4098-ABBF-DA437F84BF5B}.Unoptimised|Win32.ActiveCfg = Unoptimised|Win32
		{377251CA-D5B9-4098-ABBF-DA437F84BF5B}.Unoptimised|Win32.Build.0 = Unoptimised|Win32
		{5DD449CE-19FF-43A0-B17C-D52B5655E214}.Debug|Any CPU.ActiveCfg = Debug|Win32
		{5DD449CE-19FF-43A0-B17C-D52B5655E214}.Debug|Mixed Platforms.ActiveCfg = Debug|Win32
		{5DD449CE-19FF-43A0-B17C-D52B5655E214}.Debug|Mixed Platforms.Build.0 = Debug|Win32
		{5DD449CE-19FF-43A0-B17C-D52B5655E214}.Debug|Win32.ActiveCfg = Debug|Win32
		{5DD449CE-19FF-43A0-B17C-D52B5655E214}.Debug|Win32.Build.0 = Debug|Win32
		{5DD449CE-19FF-43A0-B17C-D52B5655E214}.DemoDebug|Any CPU.ActiveCfg = Debug|Win32
		{5DD449CE-19FF-43A0-B17C-D52B5655E214}.DemoDebug|Mixed Platforms.ActiveCfg = Debug|Win32
		{5DD449CE-19FF-43A0-B17C-D52B5655E214}.DemoDebug|Mixed Platforms.Build.0 = Debug|Win32
		{5DD449CE-19FF-43A0-B17C-D52B5655E214}.DemoDebug|Win32.ActiveCfg = Debug|Win32
		{5DD449CE-19FF-43A0-B17C-D52B5655E214}.DemoDebug|Win32.Build.0 = Debug|Win32
		{5DD449CE-19FF-43A0-B17C-D52B5655E214}.DemoRelease|Any CPU.ActiveCfg = Release|Win32
		{5DD449CE-19FF-43A0-B17C-D52B5655E214}.DemoRelease|Mixed Platforms.ActiveCfg = Release|Win32
		{5DD449CE-19FF-43A0-B17C-D52B5655E214}.DemoRelease|Mixed Platforms.Build.0 = Release|Win32
		{5DD449CE-19FF-43A0-B17C-D52B5655E214}.DemoRelease|Win32.ActiveCfg = Release|Win32
		{5DD449CE-19FF-43A0-B17C-D52B5655E214}.DemoRelease|Win32.Build.0 = Release|Win32
		{5DD449CE-19FF-43A0-B17C-D52B5655E214}.Release|Any CPU.ActiveCfg = Release|Win32
		{5DD449CE-19FF-43A0-B17C-D52B5655E214}.Release|Mixed Platforms.ActiveCfg = Release|Win32
		{5DD449CE-19FF-43A0-B17C-D52B5655E214}.Release|Mixed Platforms.Build.0 = Release|Win32
		{5DD449CE-19FF-43A0-B17C-D52B5655E214}.Release|Win32.ActiveCfg = Release|Win32
		{5DD449CE-19FF-43A0-B17C-D52B5655E214}.Release|Win32.Build.0 = Release|Win32
		{5DD449CE-19FF-43A0-B17C-D52B5655E214}.Unoptimised|Any CPU.ActiveCfg = Unoptimised|Win32
		{5DD449CE-19FF-43A0-B17C-D52B5655E214}.Unoptimised|Mixed Platforms.ActiveCfg = Unoptimised|Win32
		{5DD449CE-19FF-43A0-B17C-D52B5655E214}.Unoptimised|Mixed Platforms.Build.0 = Unoptimised|Win32
		{5DD449CE-19FF-43A0-B17C-D52B5655E214}.Unoptimised|Win32.ActiveCfg = Unoptimised|Win32
		{5DD449CE-19FF-43A0-B17C-D52B5655E214}.Unoptimised|Win32.Build.0 = Unoptimised|Win32
		{523207A8-06FE-482B-AB56-6183D8C48F84}.Debug|Any CPU.ActiveCfg = Debug|Win32
		{523207A8-06FE-482B-AB56-6183D8C48F84}.Debug|Mixed Platforms.ActiveCfg = Debug|Win32
		{523207A8-06FE-482B-AB56-6183D8C48F84}.Debug|Mixed Platforms.Build.0 = Debug|Win32
		{523207A8-06FE-482B-AB56-6183D8C48F84}.Debug|Win32.ActiveCfg = Debug|Win32
		{523207A8-06FE-482B-AB56-6183D8C48F84}.Debug|Win32.Build.0 = Debug|Win32
		{523207A8-06FE-482B-AB56-6183D8C48F84}.DemoDebug|Any CPU.ActiveCfg = Debug|Win32
		{523207A8-06FE-482B-AB56-6183D8C48F84}.DemoDebug|Mixed Platforms.ActiveCfg = Debug|Win32
		{523207A8-06FE-482B-AB56-6183D8C48F84}.DemoDebug|Mixed Platforms.Build.0 = Debug|Win32
		{523207A8-06FE-482B-AB56-6183D8C48F84}.DemoDebug|Win32.ActiveCfg = Debug|Win32
		{523207A8-06FE-482B-AB56-6183D8C48F84}.DemoDebug|Win32.Build.0 = Debug|Win32
		{523207A8-06FE-482B-AB56-6183D8C48F84}.DemoRelease|Any CPU.ActiveCfg = Release|Win32
		{523207A8-06FE-482B-AB56-6183D8C48F84}.DemoRelease|Mixed Platforms.ActiveCfg = Release|Win32
		{523207A8-06FE-482B-AB56-6183D8C48F84}.DemoRelease|Mixed Platforms.Build.0 = Release|Win32
		{523207A8-06FE-482B-AB56-6183D8C48F84}.DemoRelease|Win32.ActiveCfg = Release|Win32
		{523207A8-06FE-482B-AB56-6183D8C48F84}.DemoRelease|Win32.Build.0 = Release|Win32
		{523207A8-06FE-482B-AB56-6183D8C48F84}.Release|Any CPU.ActiveCfg = Release|Win32
		{523207A8-06FE-482B-AB56-6183D8C48F84}.Release|Mixed Platforms.ActiveCfg = Release|Win32
		{523207A8-06FE-482B-AB56-6183D8C48F84}.Release|Mixed Platforms.Build.0 = Release|Win32
		{523207A8-06FE-482B-AB56-6183D8C48F84}.Release|Win32.ActiveCfg = Release|Win32
		{523207A8-06FE-482B-AB56-6183D8C48F84}.Release|Win32.Build.0 = Release|Win32
		{523207A8-06FE-482B-AB56-6183D8C48F84}.Unoptimised|Any CPU.ActiveCfg = Unoptimised|Win32
		{523207A8-06FE-482B-AB56-6183D8C48F84}.Unoptimised|Mixed Platforms.ActiveCfg = Unoptimised|Win32
		{523207A8-06FE-482B-AB56-6183D8C48F84}.Unoptimised|Mixed Platforms.Build.0 = Unoptimised|Win32
		{523207A8-06FE-482B-AB56-6183D8C48F84}.Unoptimised|Win32.ActiveCfg = Unoptimised|Win32
		{523207A8-06FE-482B-AB56-6183D8C48F84}.Unoptimised|Win32.Build.0 = Unoptimised|Win32
		{42249017-93D5-4566-AFAA-A4C368BA2CEA}.Debug|Any CPU.ActiveCfg = Debug|Win32
		{42249017-93D5-4566-AFAA-A4C368BA2CEA}.Debug|Mixed Platforms.ActiveCfg = Debug|Win32
		{42249017-93D5-4566-AFAA-A4C368BA2CEA}.Debug|Mixed Platforms.Build.0 = Debug|Win32
		{42249017-93D5-4566-AFAA-A4C368BA2CEA}.Debug|Win32.ActiveCfg = Debug|Win32
		{42249017-93D5-4566-AFAA-A4C368BA2CEA}.Debug|Win32.Build.0 = Debug|Win32
		{42249017-93D5-4566-AFAA-A4C368BA2CEA}.DemoDebug|Any CPU.ActiveCfg = Debug|Win32
		{42249017-93D5-4566-AFAA-A4C368BA2CEA}.DemoDebug|Mixed Platforms.ActiveCfg = Debug|Win32
		{42249017-93D5-4566-AFAA-A4C368BA2CEA}.DemoDebug|Mixed Platforms.Build.0 = Debug|Win32
		{42249017-93D5-4566-AFAA-A4C368BA2CEA}.DemoDebug|Win32.ActiveCfg = Debug|Win32
		{42249017-93D5-4566-AFAA-A4C368BA2CEA}.DemoDebug|Win32.Build.0 = Debug|Win32
		{42249017-93D5-4566-AFAA-A4C368BA2CEA}.DemoRelease|Any CPU.ActiveCfg = Release|Win32
		{42249017-93D5-4566-AFAA-A4C368BA2CEA}.DemoRelease|Mixed Platforms.ActiveCfg = Release|Win32
		{42249017-93D5-4566-AFAA-A4C368BA2CEA}.DemoRelease|Mixed Platforms.Build.0 = Release|Win32
		{42249017-93D5-4566-AFAA-A4C368BA2CEA}.DemoRelease|Win32.ActiveCfg = Release|Win32
		{42249017-93D5-4566-AFAA-A4C368BA2CEA}.DemoRelease|Win32.Build.0 = Release|Win32
		{42249017-93D5-4566-AFAA-A4C368BA2CEA}.Release|Any CPU.ActiveCfg = Release|Win32
		{42249017-93D5-4566-AFAA-A4C368BA2CEA}.Release|Mixed Platforms.ActiveCfg = Release|Win32
		{42249017-93D5-4566-AFAA-A4C368BA2CEA}.Release|Mixed Platforms.Build.0 = Release|Win32
		{42249017-93D5-4566-AFAA-A4C368BA2CEA}.Release|Win32.ActiveCfg = Release|Win32
		{42249017-93D5-4566-AFAA-A4C368BA2CEA}.Release|Win32.Build.0 = Release|Win32
		{42249017-93D5-4566-AFAA-A4C368BA2CEA}.Unoptimised|Any CPU.ActiveCfg = Unoptimised|Win32
		{42249017-93D5-4566-AFAA-A4C368BA2CEA}.Unoptimised|Mixed Platforms.ActiveCfg = Unoptimised|Win32
		{42249017-93D5-4566-AFAA-A4C368BA2CEA}.Unoptimised|Mixed Platforms.Build.0 = Unoptimised|Win32
		{42249017-93D5-4566-AFAA-A4C368BA2CEA}.Unoptimised|Win32.ActiveCfg = Unoptimised|Win32
		{42249017-93D5-4566-AFAA-A4C368BA2CEA}.Unoptimised|Win32.Build.0 = Unoptimised|Win32
		{934C5ED6-5329-4DA5-A92B-7CC3D32D4E0A}.Debug|Any CPU.ActiveCfg = Debug|Win32
		{934C5ED6-5329-4DA5-A92B-7CC3D32D4E0A}.Debug|Mixed Platforms.ActiveCfg = Debug|Win32
		{934C5ED6-5329-4DA5-A92B-7CC3D32D4E0A}.Debug|Mixed Platforms.Build.0 = Debug|Win32
		{934C5ED6-5329-4DA5-A92B-7CC3D32D4E0A}.Debug|Win32.ActiveCfg = Debug|Win32
		{934C5ED6-5329-4DA5-A92B-7CC3D32D4E0A}.Debug|Win32.Build.0 = Debug|Win32
		{934C5ED6-5329-4DA5-A92B-7CC3D32D4E0A}.DemoDebug|Any CPU.ActiveCfg = Debug|Win32
		{934C5ED6-5329-4DA5-A92B-7CC3D32D4E0A}.DemoDebug|Mixed Platforms.ActiveCfg = Debug|Win32
		{934C5ED6-5329-4DA5-A92B-7CC3D32D4E0A}.DemoDebug|Mixed Platforms.Build.0 = Debug|Win32
		{934C5ED6-5329-4DA5-A92B-7CC3D32D4E0A}.DemoDebug|Win32.ActiveCfg = Debug|Win32
		{934C5ED6-5329-4DA5-A92B-7CC3D32D4E0A}.DemoDebug|Win32.Build.0 = Debug|Win32
		{934C5ED6-5329-4DA5-A92B-7CC3D32D4E0A}.DemoRelease|Any CPU.ActiveCfg = Release|Win32
		{934C5ED6-5329-4DA5-A92B-7CC3D32D4E0A}.DemoRelease|Mixed Platforms.ActiveCfg = Release|Win32
		{934C5ED6-5329-4DA5-A92B-7CC3D32D4E0A}.DemoRelease|Mixed Platforms.Build.0 = Release|Win32
		{934C5ED6-5329-4DA5-A92B-7CC3D32D4E0A}.DemoRelease|Win32.ActiveCfg = Release|Win32
		{934C5ED6-5329-4DA5-A92B-7CC3D32D4E0A}.DemoRelease|Win32.Build.0 = Release|Win32
		{934C5ED6-5329-4DA5-A92B-7CC3D32D4E0A}.Release|Any CPU.ActiveCfg = Release|Win32
		{934C5ED6-5329-4DA5-A92B-7CC3D32D4E0A}.Release|Mixed Platforms.ActiveCfg = Release|Win32
		{934C5ED6-5329-4DA5-A92B-7CC3D32D4E0A}.Release|Mixed Platforms.Build.0 = Release|Win32
		{934C5ED6-5329-4DA5-A92B-7CC3D32D4E0A}.Release|Win32.ActiveCfg = Release|Win32
		{934C5ED6-5329-4DA5-A92B-7CC3D32D4E0A}.Release|Win32.Build.0 = Release|Win32
		{934C5ED6-5329-4DA5-A92B-7CC3D32D4E0A}.Unoptimised|Any CPU.ActiveCfg = Release|Win32
		{934C5ED6-5329-4DA5-A92B-7CC3D32D4E0A}.Unoptimised|Mixed Platforms.ActiveCfg = Unoptimised|Win32
		{934C5ED6-5329-4DA5-A92B-7CC3D32D4E0A}.Unoptimised|Mixed Platforms.Build.0 = Unoptimised|Win32
		{934C5ED6-5329-4DA5-A92B-7CC3D32D4E0A}.Unoptimised|Win32.ActiveCfg = Release|Win32
		{934C5ED6-5329-4DA5-A92B-7CC3D32D4E0A}.Unoptimised|Win32.Build.0 = Release|Win32
		{CA23E288-C296-4DAA-AE57-E4C3F7E15003}.Debug|Any CPU.ActiveCfg = Debug|Win32
		{CA23E288-C296-4DAA-AE57-E4C3F7E15003}.Debug|Mixed Platforms.ActiveCfg = Debug|Win32
		{CA23E288-C296-4DAA-AE57-E4C3F7E15003}.Debug|Mixed Platforms.Build.0 = Debug|Win32
		{CA23E288-C296-4DAA-AE57-E4C3F7E15003}.Debug|Win32.ActiveCfg = Debug|Win32
		{CA23E288-C296-4DAA-AE57-E4C3F7E15003}.Debug|Win32.Build.0 = Debug|Win32
		{CA23E288-C296-4DAA-AE57-E4C3F7E15003}.DemoDebug|Any CPU.ActiveCfg = Debug|Win32
		{CA23E288-C296-4DAA-AE57-E4C3F7E15003}.DemoDebug|Mixed Platforms.ActiveCfg = Debug|Win32
		{CA23E288-C296-4DAA-AE57-E4C3F7E15003}.DemoDebug|Mixed Platforms.Build.0 = Debug|Win32
		{CA23E288-C296-4DAA-AE57-E4C3F7E15003}.DemoDebug|Win32.ActiveCfg = Debug|Win32
		{CA23E288-C296-4DAA-AE57-E4C3F7E15003}.DemoDebug|Win32.Build.0 = Debug|Win32
		{CA23E288-C296-4DAA-AE57-E4C3F7E15003}.DemoRelease|Any CPU.ActiveCfg = Release|Win32
		{CA23E288-C296-4DAA-AE57-E4C3F7E15003}.DemoRelease|Mixed Platforms.ActiveCfg = Release|Win32
		{CA23E288-C296-4DAA-AE57-E4C3F7E15003}.DemoRelease|Mixed Platforms.Build.0 = Release|Win32
		{CA23E288-C296-4DAA-AE57-E4C3F7E15003}.DemoRelease|Win32.ActiveCfg = Release|Win32
		{CA23E288-C296-4DAA-AE57-E4C3F7E15003}.DemoRelease|Win32.Build.0 = Release|Win32
		{CA23E288-C296-4DAA-AE57-E4C3F7E15003}.Release|Any CPU.ActiveCfg = Release|Win32
		{CA23E288-C296-4DAA-AE57-E4C3F7E15003}.Release|Mixed Platforms.ActiveCfg = Release|Win32
		{CA23E288-C296-4DAA-AE57-E4C3F7E15003}.Release|Mixed Platforms.Build.0 = Release|Win32
		{CA23E288-C296-4DAA-AE57-E4C3F7E15003}.Release|Win32.ActiveCfg = Release|Win32
		{CA23E288-C296-4DAA-AE57-E4C3F7E15003}.Release|Win32.Build.0 = Release|Win32
		{CA23E288-C296-4DAA-AE57-E4C3F7E15003}.Unoptimised|Any CPU.ActiveCfg = Release|Win32
		{CA23E288-C296-4DAA-AE57-E4C3F7E15003}.Unoptimised|Mixed Platforms.ActiveCfg = Unoptimised|Win32
		{CA23E288-C296-4DAA-AE57-E4C3F7E15003}.Unoptimised|Mixed Platforms.Build.0 = Unoptimised|Win32
		{CA23E288-C296-4DAA-AE57-E4C3F7E15003}.Unoptimised|Win32.ActiveCfg = Release|Win32
		{CA23E288-C296-4DAA-AE57-E4C3F7E15003}.Unoptimised|Win32.Build.0 = Release|Win32
		{6516E247-BDAE-4F13-B0A5-14E634C22ED0}.Debug|Any CPU.ActiveCfg = Debug|Win32
		{6516E247-BDAE-4F13-B0A5-14E634C22ED0}.Debug|Mixed Platforms.ActiveCfg = Debug|Win32
		{6516E247-BDAE-4F13-B0A5-14E634C22ED0}.Debug|Mixed Platforms.Build.0 = Debug|Win32
		{6516E247-BDAE-4F13-B0A5-14E634C22ED0}.Debug|Win32.ActiveCfg = Debug|Win32
		{6516E247-BDAE-4F13-B0A5-14E634C22ED0}.Debug|Win32.Build.0 = Debug|Win32
		{6516E247-BDAE-4F13-B0A5-14E634C22ED0}.DemoDebug|Any CPU.ActiveCfg = Debug|Win32
		{6516E247-BDAE-4F13-B0A5-14E634C22ED0}.DemoDebug|Mixed Platforms.ActiveCfg = Debug|Win32
		{6516E247-BDAE-4F13-B0A5-14E634C22ED0}.DemoDebug|Mixed Platforms.Build.0 = Debug|Win32
		{6516E247-BDAE-4F13-B0A5-14E634C22ED0}.DemoDebug|Win32.ActiveCfg = Debug|Win32
		{6516E247-BDAE-4F13-B0A5-14E634C22ED0}.DemoDebug|Win32.Build.0 = Debug|Win32
		{6516E247-BDAE-4F13-B0A5-14E634C22ED0}.DemoRelease|Any CPU.ActiveCfg = Release|Win32
		{6516E247-BDAE-4F13-B0A5-14E634C22ED0}.DemoRelease|Mixed Platforms.ActiveCfg = Release|Win32
		{6516E247-BDAE-4F13-B0A5-14E634C22ED0}.DemoRelease|Mixed Platforms.Build.0 = Release|Win32
		{6516E247-BDAE-4F13-B0A5-14E634C22ED0}.DemoRelease|Win32.ActiveCfg = Release|Win32
		{6516E247-BDAE-4F13-B0A5-14E634C22ED0}.DemoRelease|Win32.Build.0 = Release|Win32
		{6516E247-BDAE-4F13-B0A5-14E634C22ED0}.Release|Any CPU.ActiveCfg = Release|Win32
		{6516E247-BDAE-4F13-B0A5-14E634C22ED0}.Release|Mixed Platforms.ActiveCfg = Release|Win32
		{6516E247-BDAE-4F13-B0A5-14E634C22ED0}.Release|Mixed Platforms.Build.0 = Release|Win32
		{6516E247-BDAE-4F13-B0A5-14E634C22ED0}.Release|Win32.ActiveCfg = Release|Win32
		{6516E247-BDAE-4F13-B0A5-14E634C22ED0}.Release|Win32.Build.0 = Release|Win32
		{6516E247-BDAE-4F13-B0A5-14E634C22ED0}.Unoptimised|Any CPU.ActiveCfg = Unoptimised|Win32
		{6516E247-BDAE-4F13-B0A5-14E634C22ED0}.Unoptimised|Mixed Platforms.ActiveCfg = Unoptimised|Win32
		{6516E247-BDAE-4F13-B0A5-14E634C22ED0}.Unoptimised|Mixed Platforms.Build.0 = Unoptimised|Win32
		{6516E247-BDAE-4F13-B0A5-14E634C22ED0}.Unoptimised|Win32.ActiveCfg = Unoptimised|Win32
		{6516E247-BDAE-4F13-B0A5-14E634C22ED0}.Unoptimised|Win32.Build.0 = Unoptimised|Win32
	EndGlobalSection
	GlobalSection(SolutionProperties) = preSolution
		HideSolutionNode = FALSE
	EndGlobalSection
EndGlobal
